// !$*UTF8*$!
{
	archiveVersion = 1;
	classes = {
	};
	objectVersion = 50;
	objects = {

/* Begin PBXBuildFile section */
		2469393123C32C41001A6CAE /* MathLibrary.swift in Sources */ = {isa = PBXBuildFile; fileRef = 2469393023C32C41001A6CAE /* MathLibrary.swift */; };
		2469393523C465B0001A6CAE /* SpriteRenderer.swift in Sources */ = {isa = PBXBuildFile; fileRef = 2469393423C465B0001A6CAE /* SpriteRenderer.swift */; };
		2469393723C4A544001A6CAE /* Node.swift in Sources */ = {isa = PBXBuildFile; fileRef = 2469393623C4A544001A6CAE /* Node.swift */; };
		2469393923C5D126001A6CAE /* Player.swift in Sources */ = {isa = PBXBuildFile; fileRef = 2469393823C5D126001A6CAE /* Player.swift */; };
		2469393B23C5D867001A6CAE /* SceneRenderer.swift in Sources */ = {isa = PBXBuildFile; fileRef = 2469393A23C5D867001A6CAE /* SceneRenderer.swift */; };
		2469393D23C5EB1E001A6CAE /* Scene.swift in Sources */ = {isa = PBXBuildFile; fileRef = 2469393C23C5EB1E001A6CAE /* Scene.swift */; };
		247D704423E1D2CD00480199 /* Player.metal in Sources */ = {isa = PBXBuildFile; fileRef = 247D704323E1D2CD00480199 /* Player.metal */; };
		247D704823E6B20B00480199 /* GameScene.swift in Sources */ = {isa = PBXBuildFile; fileRef = 247D704723E6B20B00480199 /* GameScene.swift */; };
		247D705123E6CE0F00480199 /* Spawner.swift in Sources */ = {isa = PBXBuildFile; fileRef = 247D705023E6CE0F00480199 /* Spawner.swift */; };
		247D705323E70FAA00480199 /* Enemy.swift in Sources */ = {isa = PBXBuildFile; fileRef = 247D705223E70FAA00480199 /* Enemy.swift */; };
		247D705523E7173500480199 /* EnemyAttack.swift in Sources */ = {isa = PBXBuildFile; fileRef = 247D705423E7173500480199 /* EnemyAttack.swift */; };
		247D705823F0086D00480199 /* Arber-Vintage-Extended.otf in Resources */ = {isa = PBXBuildFile; fileRef = 247D705723F0086D00480199 /* Arber-Vintage-Extended.otf */; };
		247D705A23F009DD00480199 /* SKGameScene.swift in Sources */ = {isa = PBXBuildFile; fileRef = 247D705923F009DD00480199 /* SKGameScene.swift */; };
		247D705E23F52D8B00480199 /* Common.metal in Sources */ = {isa = PBXBuildFile; fileRef = 247D705D23F52D8B00480199 /* Common.metal */; };
		247D706123F531A800480199 /* RendererCommon.swift in Sources */ = {isa = PBXBuildFile; fileRef = 247D706023F531A800480199 /* RendererCommon.swift */; };
		24D9E85C23C1C8B500CB6638 /* AppDelegate.swift in Sources */ = {isa = PBXBuildFile; fileRef = 24D9E85B23C1C8B500CB6638 /* AppDelegate.swift */; };
		24D9E85F23C1C8B500CB6638 /* MainRenderer.swift in Sources */ = {isa = PBXBuildFile; fileRef = 24D9E85E23C1C8B500CB6638 /* MainRenderer.swift */; };
		24D9E86123C1C8B500CB6638 /* GameViewController.swift in Sources */ = {isa = PBXBuildFile; fileRef = 24D9E86023C1C8B500CB6638 /* GameViewController.swift */; };
		24D9E86323C1C8B500CB6638 /* Shaders.metal in Sources */ = {isa = PBXBuildFile; fileRef = 24D9E86223C1C8B500CB6638 /* Shaders.metal */; };
		24D9E86623C1C8B500CB6638 /* Main.storyboard in Resources */ = {isa = PBXBuildFile; fileRef = 24D9E86423C1C8B500CB6638 /* Main.storyboard */; };
		24D9E86823C1C8B600CB6638 /* Assets.xcassets in Resources */ = {isa = PBXBuildFile; fileRef = 24D9E86723C1C8B600CB6638 /* Assets.xcassets */; };
		24D9E86B23C1C8B600CB6638 /* LaunchScreen.storyboard in Resources */ = {isa = PBXBuildFile; fileRef = 24D9E86923C1C8B600CB6638 /* LaunchScreen.storyboard */; };
		24D9E87523C1D3AE00CB6638 /* BufferFormats.swift in Sources */ = {isa = PBXBuildFile; fileRef = 24D9E87423C1D3AE00CB6638 /* BufferFormats.swift */; };
/* End PBXBuildFile section */

/* Begin PBXFileReference section */
		2469393023C32C41001A6CAE /* MathLibrary.swift */ = {isa = PBXFileReference; lastKnownFileType = sourcecode.swift; path = MathLibrary.swift; sourceTree = "<group>"; };
		2469393423C465B0001A6CAE /* SpriteRenderer.swift */ = {isa = PBXFileReference; lastKnownFileType = sourcecode.swift; path = SpriteRenderer.swift; sourceTree = "<group>"; };
		2469393623C4A544001A6CAE /* Node.swift */ = {isa = PBXFileReference; lastKnownFileType = sourcecode.swift; path = Node.swift; sourceTree = "<group>"; };
		2469393823C5D126001A6CAE /* Player.swift */ = {isa = PBXFileReference; lastKnownFileType = sourcecode.swift; path = Player.swift; sourceTree = "<group>"; };
		2469393A23C5D867001A6CAE /* SceneRenderer.swift */ = {isa = PBXFileReference; lastKnownFileType = sourcecode.swift; path = SceneRenderer.swift; sourceTree = "<group>"; };
		2469393C23C5EB1E001A6CAE /* Scene.swift */ = {isa = PBXFileReference; lastKnownFileType = sourcecode.swift; path = Scene.swift; sourceTree = "<group>"; };
		247D704323E1D2CD00480199 /* Player.metal */ = {isa = PBXFileReference; lastKnownFileType = sourcecode.metal; path = Player.metal; sourceTree = "<group>"; };
		247D704623E1D4BC00480199 /* SpriteRendererShared.h */ = {isa = PBXFileReference; lastKnownFileType = sourcecode.c.h; path = SpriteRendererShared.h; sourceTree = "<group>"; };
		247D704723E6B20B00480199 /* GameScene.swift */ = {isa = PBXFileReference; lastKnownFileType = sourcecode.swift; path = GameScene.swift; sourceTree = "<group>"; };
		247D705023E6CE0F00480199 /* Spawner.swift */ = {isa = PBXFileReference; lastKnownFileType = sourcecode.swift; path = Spawner.swift; sourceTree = "<group>"; };
		247D705223E70FAA00480199 /* Enemy.swift */ = {isa = PBXFileReference; lastKnownFileType = sourcecode.swift; path = Enemy.swift; sourceTree = "<group>"; };
		247D705423E7173500480199 /* EnemyAttack.swift */ = {isa = PBXFileReference; lastKnownFileType = sourcecode.swift; path = EnemyAttack.swift; sourceTree = "<group>"; };
		247D705723F0086D00480199 /* Arber-Vintage-Extended.otf */ = {isa = PBXFileReference; lastKnownFileType = file; path = "Arber-Vintage-Extended.otf"; sourceTree = "<group>"; };
		247D705923F009DD00480199 /* SKGameScene.swift */ = {isa = PBXFileReference; lastKnownFileType = sourcecode.swift; path = SKGameScene.swift; sourceTree = "<group>"; };
		247D705D23F52D8B00480199 /* Common.metal */ = {isa = PBXFileReference; lastKnownFileType = sourcecode.metal; path = Common.metal; sourceTree = "<group>"; };
		247D705F23F52F2900480199 /* Common.h */ = {isa = PBXFileReference; lastKnownFileType = sourcecode.c.h; path = Common.h; sourceTree = "<group>"; };
		247D706023F531A800480199 /* RendererCommon.swift */ = {isa = PBXFileReference; lastKnownFileType = sourcecode.swift; path = RendererCommon.swift; sourceTree = "<group>"; };
		24D9E85823C1C8B500CB6638 /* ZoeSlasher.app */ = {isa = PBXFileReference; explicitFileType = wrapper.application; includeInIndex = 0; path = ZoeSlasher.app; sourceTree = BUILT_PRODUCTS_DIR; };
		24D9E85B23C1C8B500CB6638 /* AppDelegate.swift */ = {isa = PBXFileReference; lastKnownFileType = sourcecode.swift; path = AppDelegate.swift; sourceTree = "<group>"; };
		24D9E85D23C1C8B500CB6638 /* ShaderTypes.h */ = {isa = PBXFileReference; lastKnownFileType = sourcecode.c.h; path = ShaderTypes.h; sourceTree = "<group>"; };
		24D9E85E23C1C8B500CB6638 /* MainRenderer.swift */ = {isa = PBXFileReference; lastKnownFileType = sourcecode.swift; path = MainRenderer.swift; sourceTree = "<group>"; };
		24D9E86023C1C8B500CB6638 /* GameViewController.swift */ = {isa = PBXFileReference; lastKnownFileType = sourcecode.swift; path = GameViewController.swift; sourceTree = "<group>"; };
		24D9E86223C1C8B500CB6638 /* Shaders.metal */ = {isa = PBXFileReference; lastKnownFileType = sourcecode.metal; path = Shaders.metal; sourceTree = "<group>"; };
		24D9E86523C1C8B500CB6638 /* Base */ = {isa = PBXFileReference; lastKnownFileType = file.storyboard; name = Base; path = Base.lproj/Main.storyboard; sourceTree = "<group>"; };
		24D9E86723C1C8B600CB6638 /* Assets.xcassets */ = {isa = PBXFileReference; lastKnownFileType = folder.assetcatalog; path = Assets.xcassets; sourceTree = "<group>"; };
		24D9E86A23C1C8B600CB6638 /* Base */ = {isa = PBXFileReference; lastKnownFileType = file.storyboard; name = Base; path = Base.lproj/LaunchScreen.storyboard; sourceTree = "<group>"; };
		24D9E86C23C1C8B600CB6638 /* Info.plist */ = {isa = PBXFileReference; lastKnownFileType = text.plist.xml; path = Info.plist; sourceTree = "<group>"; };
		24D9E87423C1D3AE00CB6638 /* BufferFormats.swift */ = {isa = PBXFileReference; lastKnownFileType = sourcecode.swift; path = BufferFormats.swift; sourceTree = "<group>"; };
/* End PBXFileReference section */

/* Begin PBXFrameworksBuildPhase section */
		24D9E85523C1C8B500CB6638 /* Frameworks */ = {
			isa = PBXFrameworksBuildPhase;
			buildActionMask = 2147483647;
			files = (
			);
			runOnlyForDeploymentPostprocessing = 0;
		};
/* End PBXFrameworksBuildPhase section */

/* Begin PBXGroup section */
		2469392F23C32C31001A6CAE /* Utlity */ = {
			isa = PBXGroup;
			children = (
				2469393023C32C41001A6CAE /* MathLibrary.swift */,
			);
			path = Utlity;
			sourceTree = "<group>";
		};
		2469393E23C5EC96001A6CAE /* Renderers */ = {
			isa = PBXGroup;
			children = (
				247D706223F531AB00480199 /* Main */,
				24D9E86223C1C8B500CB6638 /* Shaders.metal */,
				247D704323E1D2CD00480199 /* Player.metal */,
				24D9E87423C1D3AE00CB6638 /* BufferFormats.swift */,
				2469393423C465B0001A6CAE /* SpriteRenderer.swift */,
				247D704623E1D4BC00480199 /* SpriteRendererShared.h */,
			);
			path = Renderers;
			sourceTree = "<group>";
		};
		247D704923E6CD3100480199 /* Game */ = {
			isa = PBXGroup;
			children = (
				2469393823C5D126001A6CAE /* Player.swift */,
				247D705223E70FAA00480199 /* Enemy.swift */,
				247D705423E7173500480199 /* EnemyAttack.swift */,
				247D704723E6B20B00480199 /* GameScene.swift */,
				247D705923F009DD00480199 /* SKGameScene.swift */,
				247D705023E6CE0F00480199 /* Spawner.swift */,
			);
			path = Game;
			sourceTree = "<group>";
		};
		247D704A23E6CD7D00480199 /* Base */ = {
			isa = PBXGroup;
			children = (
				2469393623C4A544001A6CAE /* Node.swift */,
				2469393C23C5EB1E001A6CAE /* Scene.swift */,
			);
			path = Base;
			sourceTree = "<group>";
		};
		247D705623F0085600480199 /* Resources */ = {
			isa = PBXGroup;
			children = (
				247D705723F0086D00480199 /* Arber-Vintage-Extended.otf */,
			);
			path = Resources;
			sourceTree = "<group>";
		};
		247D706223F531AB00480199 /* Main */ = {
			isa = PBXGroup;
			children = (
				24D9E85E23C1C8B500CB6638 /* MainRenderer.swift */,
				2469393A23C5D867001A6CAE /* SceneRenderer.swift */,
				247D706023F531A800480199 /* RendererCommon.swift */,
				247D705F23F52F2900480199 /* Common.h */,
				247D705D23F52D8B00480199 /* Common.metal */,
				24D9E85D23C1C8B500CB6638 /* ShaderTypes.h */,
			);
			path = Main;
			sourceTree = "<group>";
		};
		24D9E84F23C1C8B500CB6638 = {
			isa = PBXGroup;
			children = (
				24D9E85A23C1C8B500CB6638 /* ZoeSlasher */,
				24D9E85923C1C8B500CB6638 /* Products */,
			);
			sourceTree = "<group>";
		};
		24D9E85923C1C8B500CB6638 /* Products */ = {
			isa = PBXGroup;
			children = (
				24D9E85823C1C8B500CB6638 /* ZoeSlasher.app */,
			);
			name = Products;
			sourceTree = "<group>";
		};
		24D9E85A23C1C8B500CB6638 /* ZoeSlasher */ = {
			isa = PBXGroup;
			children = (
				247D705623F0085600480199 /* Resources */,
				247D704A23E6CD7D00480199 /* Base */,
				247D704923E6CD3100480199 /* Game */,
				2469393E23C5EC96001A6CAE /* Renderers */,
				2469392F23C32C31001A6CAE /* Utlity */,
				24D9E85B23C1C8B500CB6638 /* AppDelegate.swift */,
				24D9E86023C1C8B500CB6638 /* GameViewController.swift */,
				24D9E86423C1C8B500CB6638 /* Main.storyboard */,
				24D9E86723C1C8B600CB6638 /* Assets.xcassets */,
				24D9E86923C1C8B600CB6638 /* LaunchScreen.storyboard */,
				24D9E86C23C1C8B600CB6638 /* Info.plist */,
			);
			path = ZoeSlasher;
			sourceTree = "<group>";
		};
/* End PBXGroup section */

/* Begin PBXNativeTarget section */
		24D9E85723C1C8B500CB6638 /* ZoeSlasher */ = {
			isa = PBXNativeTarget;
			buildConfigurationList = 24D9E86F23C1C8B600CB6638 /* Build configuration list for PBXNativeTarget "ZoeSlasher" */;
			buildPhases = (
				24D9E85423C1C8B500CB6638 /* Sources */,
				24D9E85523C1C8B500CB6638 /* Frameworks */,
				24D9E85623C1C8B500CB6638 /* Resources */,
			);
			buildRules = (
			);
			dependencies = (
			);
			name = ZoeSlasher;
			productName = ZoeSlasher;
			productReference = 24D9E85823C1C8B500CB6638 /* ZoeSlasher.app */;
			productType = "com.apple.product-type.application";
		};
/* End PBXNativeTarget section */

/* Begin PBXProject section */
		24D9E85023C1C8B500CB6638 /* Project object */ = {
			isa = PBXProject;
			attributes = {
				LastSwiftUpdateCheck = 1120;
				LastUpgradeCheck = 1120;
				ORGANIZATIONNAME = "Nikola Bozhkov";
				TargetAttributes = {
					24D9E85723C1C8B500CB6638 = {
						CreatedOnToolsVersion = 11.2.1;
					};
				};
			};
			buildConfigurationList = 24D9E85323C1C8B500CB6638 /* Build configuration list for PBXProject "ZoeSlasher" */;
			compatibilityVersion = "Xcode 9.3";
			developmentRegion = en;
			hasScannedForEncodings = 0;
			knownRegions = (
				en,
				Base,
			);
			mainGroup = 24D9E84F23C1C8B500CB6638;
			productRefGroup = 24D9E85923C1C8B500CB6638 /* Products */;
			projectDirPath = "";
			projectRoot = "";
			targets = (
				24D9E85723C1C8B500CB6638 /* ZoeSlasher */,
			);
		};
/* End PBXProject section */

/* Begin PBXResourcesBuildPhase section */
		24D9E85623C1C8B500CB6638 /* Resources */ = {
			isa = PBXResourcesBuildPhase;
			buildActionMask = 2147483647;
			files = (
				24D9E86B23C1C8B600CB6638 /* LaunchScreen.storyboard in Resources */,
				24D9E86823C1C8B600CB6638 /* Assets.xcassets in Resources */,
				247D705823F0086D00480199 /* Arber-Vintage-Extended.otf in Resources */,
				24D9E86623C1C8B500CB6638 /* Main.storyboard in Resources */,
			);
			runOnlyForDeploymentPostprocessing = 0;
		};
/* End PBXResourcesBuildPhase section */

/* Begin PBXSourcesBuildPhase section */
		24D9E85423C1C8B500CB6638 /* Sources */ = {
			isa = PBXSourcesBuildPhase;
			buildActionMask = 2147483647;
			files = (
				247D705123E6CE0F00480199 /* Spawner.swift in Sources */,
				247D706123F531A800480199 /* RendererCommon.swift in Sources */,
				24D9E87523C1D3AE00CB6638 /* BufferFormats.swift in Sources */,
				247D705E23F52D8B00480199 /* Common.metal in Sources */,
				247D705523E7173500480199 /* EnemyAttack.swift in Sources */,
				2469393B23C5D867001A6CAE /* SceneRenderer.swift in Sources */,
				247D704423E1D2CD00480199 /* Player.metal in Sources */,
				2469393123C32C41001A6CAE /* MathLibrary.swift in Sources */,
				24D9E86323C1C8B500CB6638 /* Shaders.metal in Sources */,
				2469393723C4A544001A6CAE /* Node.swift in Sources */,
				247D705A23F009DD00480199 /* SKGameScene.swift in Sources */,
				24D9E85F23C1C8B500CB6638 /* MainRenderer.swift in Sources */,
				2469393523C465B0001A6CAE /* SpriteRenderer.swift in Sources */,
				247D704823E6B20B00480199 /* GameScene.swift in Sources */,
				24D9E86123C1C8B500CB6638 /* GameViewController.swift in Sources */,
				247D705323E70FAA00480199 /* Enemy.swift in Sources */,
				2469393923C5D126001A6CAE /* Player.swift in Sources */,
				24D9E85C23C1C8B500CB6638 /* AppDelegate.swift in Sources */,
				2469393D23C5EB1E001A6CAE /* Scene.swift in Sources */,
			);
			runOnlyForDeploymentPostprocessing = 0;
		};
/* End PBXSourcesBuildPhase section */

/* Begin PBXVariantGroup section */
		24D9E86423C1C8B500CB6638 /* Main.storyboard */ = {
			isa = PBXVariantGroup;
			children = (
				24D9E86523C1C8B500CB6638 /* Base */,
			);
			name = Main.storyboard;
			sourceTree = "<group>";
		};
		24D9E86923C1C8B600CB6638 /* LaunchScreen.storyboard */ = {
			isa = PBXVariantGroup;
			children = (
				24D9E86A23C1C8B600CB6638 /* Base */,
			);
			name = LaunchScreen.storyboard;
			sourceTree = "<group>";
		};
/* End PBXVariantGroup section */

/* Begin XCBuildConfiguration section */
		24D9E86D23C1C8B600CB6638 /* Debug */ = {
			isa = XCBuildConfiguration;
			buildSettings = {
				ALWAYS_SEARCH_USER_PATHS = NO;
				CLANG_ANALYZER_NONNULL = YES;
				CLANG_ANALYZER_NUMBER_OBJECT_CONVERSION = YES_AGGRESSIVE;
				CLANG_CXX_LANGUAGE_STANDARD = "gnu++14";
				CLANG_CXX_LIBRARY = "libc++";
				CLANG_ENABLE_MODULES = YES;
				CLANG_ENABLE_OBJC_ARC = YES;
				CLANG_ENABLE_OBJC_WEAK = YES;
				CLANG_WARN_BLOCK_CAPTURE_AUTORELEASING = YES;
				CLANG_WARN_BOOL_CONVERSION = YES;
				CLANG_WARN_COMMA = YES;
				CLANG_WARN_CONSTANT_CONVERSION = YES;
				CLANG_WARN_DEPRECATED_OBJC_IMPLEMENTATIONS = YES;
				CLANG_WARN_DIRECT_OBJC_ISA_USAGE = YES_ERROR;
				CLANG_WARN_DOCUMENTATION_COMMENTS = YES;
				CLANG_WARN_EMPTY_BODY = YES;
				CLANG_WARN_ENUM_CONVERSION = YES;
				CLANG_WARN_INFINITE_RECURSION = YES;
				CLANG_WARN_INT_CONVERSION = YES;
				CLANG_WARN_NON_LITERAL_NULL_CONVERSION = YES;
				CLANG_WARN_OBJC_IMPLICIT_RETAIN_SELF = YES;
				CLANG_WARN_OBJC_LITERAL_CONVERSION = YES;
				CLANG_WARN_OBJC_ROOT_CLASS = YES_ERROR;
				CLANG_WARN_RANGE_LOOP_ANALYSIS = YES;
				CLANG_WARN_STRICT_PROTOTYPES = YES;
				CLANG_WARN_SUSPICIOUS_MOVE = YES;
				CLANG_WARN_UNGUARDED_AVAILABILITY = YES_AGGRESSIVE;
				CLANG_WARN_UNREACHABLE_CODE = YES;
				CLANG_WARN__DUPLICATE_METHOD_MATCH = YES;
				COPY_PHASE_STRIP = NO;
				DEBUG_INFORMATION_FORMAT = dwarf;
				ENABLE_STRICT_OBJC_MSGSEND = YES;
				ENABLE_TESTABILITY = YES;
				GCC_C_LANGUAGE_STANDARD = gnu11;
				GCC_DYNAMIC_NO_PIC = NO;
				GCC_NO_COMMON_BLOCKS = YES;
				GCC_OPTIMIZATION_LEVEL = 0;
				GCC_PREPROCESSOR_DEFINITIONS = (
					"DEBUG=1",
					"$(inherited)",
				);
				GCC_WARN_64_TO_32_BIT_CONVERSION = YES;
				GCC_WARN_ABOUT_RETURN_TYPE = YES_ERROR;
				GCC_WARN_UNDECLARED_SELECTOR = YES;
				GCC_WARN_UNINITIALIZED_AUTOS = YES_AGGRESSIVE;
				GCC_WARN_UNUSED_FUNCTION = YES;
				GCC_WARN_UNUSED_VARIABLE = YES;
				IPHONEOS_DEPLOYMENT_TARGET = 13.2;
				MTL_ENABLE_DEBUG_INFO = INCLUDE_SOURCE;
				MTL_FAST_MATH = YES;
				ONLY_ACTIVE_ARCH = YES;
				SDKROOT = iphoneos;
				SWIFT_ACTIVE_COMPILATION_CONDITIONS = DEBUG;
				SWIFT_OPTIMIZATION_LEVEL = "-Onone";
			};
			name = Debug;
		};
		24D9E86E23C1C8B600CB6638 /* Release */ = {
			isa = XCBuildConfiguration;
			buildSettings = {
				ALWAYS_SEARCH_USER_PATHS = NO;
				CLANG_ANALYZER_NONNULL = YES;
				CLANG_ANALYZER_NUMBER_OBJECT_CONVERSION = YES_AGGRESSIVE;
				CLANG_CXX_LANGUAGE_STANDARD = "gnu++14";
				CLANG_CXX_LIBRARY = "libc++";
				CLANG_ENABLE_MODULES = YES;
				CLANG_ENABLE_OBJC_ARC = YES;
				CLANG_ENABLE_OBJC_WEAK = YES;
				CLANG_WARN_BLOCK_CAPTURE_AUTORELEASING = YES;
				CLANG_WARN_BOOL_CONVERSION = YES;
				CLANG_WARN_COMMA = YES;
				CLANG_WARN_CONSTANT_CONVERSION = YES;
				CLANG_WARN_DEPRECATED_OBJC_IMPLEMENTATIONS = YES;
				CLANG_WARN_DIRECT_OBJC_ISA_USAGE = YES_ERROR;
				CLANG_WARN_DOCUMENTATION_COMMENTS = YES;
				CLANG_WARN_EMPTY_BODY = YES;
				CLANG_WARN_ENUM_CONVERSION = YES;
				CLANG_WARN_INFINITE_RECURSION = YES;
				CLANG_WARN_INT_CONVERSION = YES;
				CLANG_WARN_NON_LITERAL_NULL_CONVERSION = YES;
				CLANG_WARN_OBJC_IMPLICIT_RETAIN_SELF = YES;
				CLANG_WARN_OBJC_LITERAL_CONVERSION = YES;
				CLANG_WARN_OBJC_ROOT_CLASS = YES_ERROR;
				CLANG_WARN_RANGE_LOOP_ANALYSIS = YES;
				CLANG_WARN_STRICT_PROTOTYPES = YES;
				CLANG_WARN_SUSPICIOUS_MOVE = YES;
				CLANG_WARN_UNGUARDED_AVAILABILITY = YES_AGGRESSIVE;
				CLANG_WARN_UNREACHABLE_CODE = YES;
				CLANG_WARN__DUPLICATE_METHOD_MATCH = YES;
				COPY_PHASE_STRIP = NO;
				DEBUG_INFORMATION_FORMAT = "dwarf-with-dsym";
				ENABLE_NS_ASSERTIONS = NO;
				ENABLE_STRICT_OBJC_MSGSEND = YES;
				GCC_C_LANGUAGE_STANDARD = gnu11;
				GCC_NO_COMMON_BLOCKS = YES;
				GCC_WARN_64_TO_32_BIT_CONVERSION = YES;
				GCC_WARN_ABOUT_RETURN_TYPE = YES_ERROR;
				GCC_WARN_UNDECLARED_SELECTOR = YES;
				GCC_WARN_UNINITIALIZED_AUTOS = YES_AGGRESSIVE;
				GCC_WARN_UNUSED_FUNCTION = YES;
				GCC_WARN_UNUSED_VARIABLE = YES;
				IPHONEOS_DEPLOYMENT_TARGET = 13.2;
				MTL_ENABLE_DEBUG_INFO = NO;
				MTL_FAST_MATH = YES;
				SDKROOT = iphoneos;
				SWIFT_COMPILATION_MODE = wholemodule;
				SWIFT_OPTIMIZATION_LEVEL = "-O";
				VALIDATE_PRODUCT = YES;
			};
			name = Release;
		};
		24D9E87023C1C8B600CB6638 /* Debug */ = {
			isa = XCBuildConfiguration;
			buildSettings = {
				ASSETCATALOG_COMPILER_APPICON_NAME = AppIcon;
				CODE_SIGN_STYLE = Automatic;
				DEVELOPMENT_TEAM = XZT6P8DQ87;
				INFOPLIST_FILE = ZoeSlasher/Info.plist;
				LD_RUNPATH_SEARCH_PATHS = (
					"$(inherited)",
					"@executable_path/Frameworks",
				);
				PRODUCT_BUNDLE_IDENTIFIER = com.nikolabozhkov.ZoeSlasher;
				PRODUCT_NAME = "$(TARGET_NAME)";
				SWIFT_OBJC_BRIDGING_HEADER = "$(TARGET_NAME)/Renderers/Main/ShaderTypes.h";
				SWIFT_VERSION = 5.0;
				TARGETED_DEVICE_FAMILY = "1,2";
			};
			name = Debug;
		};
		24D9E87123C1C8B600CB6638 /* Release */ = {
			isa = XCBuildConfiguration;
			buildSettings = {
				ASSETCATALOG_COMPILER_APPICON_NAME = AppIcon;
				CODE_SIGN_STYLE = Automatic;
				DEVELOPMENT_TEAM = XZT6P8DQ87;
				INFOPLIST_FILE = ZoeSlasher/Info.plist;
				LD_RUNPATH_SEARCH_PATHS = (
					"$(inherited)",
					"@executable_path/Frameworks",
				);
				PRODUCT_BUNDLE_IDENTIFIER = com.nikolabozhkov.ZoeSlasher;
				PRODUCT_NAME = "$(TARGET_NAME)";
				SWIFT_OBJC_BRIDGING_HEADER = "$(TARGET_NAME)/Renderers/Main/ShaderTypes.h";
				SWIFT_VERSION = 5.0;
				TARGETED_DEVICE_FAMILY = "1,2";
			};
			name = Release;
		};
/* End XCBuildConfiguration section */

/* Begin XCConfigurationList section */
		24D9E85323C1C8B500CB6638 /* Build configuration list for PBXProject "ZoeSlasher" */ = {
			isa = XCConfigurationList;
			buildConfigurations = (
				24D9E86D23C1C8B600CB6638 /* Debug */,
				24D9E86E23C1C8B600CB6638 /* Release */,
			);
			defaultConfigurationIsVisible = 0;
			defaultConfigurationName = Release;
		};
		24D9E86F23C1C8B600CB6638 /* Build configuration list for PBXNativeTarget "ZoeSlasher" */ = {
			isa = XCConfigurationList;
			buildConfigurations = (
				24D9E87023C1C8B600CB6638 /* Debug */,
				24D9E87123C1C8B600CB6638 /* Release */,
			);
			defaultConfigurationIsVisible = 0;
			defaultConfigurationName = Release;
		};
/* End XCConfigurationList section */
	};
	rootObject = 24D9E85023C1C8B500CB6638 /* Project object */;
}
