// !$*UTF8*$!
{
	archiveVersion = 1;
	classes = {
	};
	objectVersion = 50;
	objects = {

/* Begin PBXBuildFile section */
		2414AB15250D091000B3299C /* EnergySymbol.swift in Sources */ = {isa = PBXBuildFile; fileRef = 2414AB14250D091000B3299C /* EnergySymbol.swift */; };
		2414AB17250D34B000B3299C /* ParticleTrailHandler.swift in Sources */ = {isa = PBXBuildFile; fileRef = 2414AB16250D34B000B3299C /* ParticleTrailHandler.swift */; };
		2414AB1B251090A400B3299C /* PlayerManager.swift in Sources */ = {isa = PBXBuildFile; fileRef = 2414AB1A251090A400B3299C /* PlayerManager.swift */; };
		2414AB1D2511E14F00B3299C /* PowerUp.swift in Sources */ = {isa = PBXBuildFile; fileRef = 2414AB1C2511E14F00B3299C /* PowerUp.swift */; };
		2414AB1F2511E18500B3299C /* PowerUpNode.swift in Sources */ = {isa = PBXBuildFile; fileRef = 2414AB1E2511E18500B3299C /* PowerUpNode.swift */; };
		2414AB222511E5F400B3299C /* EnemySpawner.swift in Sources */ = {isa = PBXBuildFile; fileRef = 2414AB212511E5F400B3299C /* EnemySpawner.swift */; };
		2414AB242511E5FB00B3299C /* PotionSpawner.swift in Sources */ = {isa = PBXBuildFile; fileRef = 2414AB232511E5FB00B3299C /* PotionSpawner.swift */; };
		2414AB262511E60600B3299C /* PowerUpSpawner.swift in Sources */ = {isa = PBXBuildFile; fileRef = 2414AB252511E60600B3299C /* PowerUpSpawner.swift */; };
		2414AB422515C1A300B3299C /* EnemyRenderer.swift in Sources */ = {isa = PBXBuildFile; fileRef = 2414AB412515C1A300B3299C /* EnemyRenderer.swift */; };
		2414AB442515C66700B3299C /* ParticleRenderer.swift in Sources */ = {isa = PBXBuildFile; fileRef = 2414AB432515C66700B3299C /* ParticleRenderer.swift */; };
		2414AB462515C72400B3299C /* EnemyAttackRenderer.swift in Sources */ = {isa = PBXBuildFile; fileRef = 2414AB452515C72400B3299C /* EnemyAttackRenderer.swift */; };
		2414AB482515C85900B3299C /* MainPotionRenderer.swift in Sources */ = {isa = PBXBuildFile; fileRef = 2414AB472515C85900B3299C /* MainPotionRenderer.swift */; };
		2414AB4A2515CD7500B3299C /* TextureHolder.swift in Sources */ = {isa = PBXBuildFile; fileRef = 2414AB492515CD7500B3299C /* TextureHolder.swift */; };
		24229632253585A2003F7F70 /* PotionType.swift in Sources */ = {isa = PBXBuildFile; fileRef = 24229631253585A2003F7F70 /* PotionType.swift */; };
		2433B4AE2541BC0A008B0B5B /* HealthKit.framework in Frameworks */ = {isa = PBXBuildFile; fileRef = 2433B4AD2541BC0A008B0B5B /* HealthKit.framework */; };
		243B30B7247959890015CFD1 /* HomeScreen.swift in Sources */ = {isa = PBXBuildFile; fileRef = 243B30B6247959890015CFD1 /* HomeScreen.swift */; };
		24446495252323A000D72EFD /* PowerUpNodeRenderer.swift in Sources */ = {isa = PBXBuildFile; fileRef = 24446494252323A000D72EFD /* PowerUpNodeRenderer.swift */; };
		24446498252324DF00D72EFD /* PowerUp.metal in Sources */ = {isa = PBXBuildFile; fileRef = 24446497252324DF00D72EFD /* PowerUp.metal */; };
		2444649E25232C1700D72EFD /* MainPowerUpNodeRenderer.swift in Sources */ = {isa = PBXBuildFile; fileRef = 2444649D25232C1700D72EFD /* MainPowerUpNodeRenderer.swift */; };
		244464A325235CE400D72EFD /* PowerUpType.swift in Sources */ = {isa = PBXBuildFile; fileRef = 244464A225235CE400D72EFD /* PowerUpType.swift */; };
		24629E63240D6A87009A465B /* Sanos-Extended.ttf in Resources */ = {isa = PBXBuildFile; fileRef = 24629E62240D6A87009A465B /* Sanos-Extended.ttf */; };
		24629E65240D6CCF009A465B /* CGPoint+Extensions.swift in Sources */ = {isa = PBXBuildFile; fileRef = 24629E64240D6CCF009A465B /* CGPoint+Extensions.swift */; };
		2464427C24127BFB004CF697 /* ComboLabel.swift in Sources */ = {isa = PBXBuildFile; fileRef = 2464427B24127BFB004CF697 /* ComboLabel.swift */; };
		2465E7772435E2490019CE02 /* InstanceRenderer.swift in Sources */ = {isa = PBXBuildFile; fileRef = 2465E7762435E2490019CE02 /* InstanceRenderer.swift */; };
		2465E7792435F20D0019CE02 /* TextureRenderer.swift in Sources */ = {isa = PBXBuildFile; fileRef = 2465E7782435F20D0019CE02 /* TextureRenderer.swift */; };
		2465E77B24360EF10019CE02 /* PotionRenderer.swift in Sources */ = {isa = PBXBuildFile; fileRef = 2465E77A24360EF10019CE02 /* PotionRenderer.swift */; };
		2465E77D2437458E0019CE02 /* GlobalHelpers.swift in Sources */ = {isa = PBXBuildFile; fileRef = 2465E77C2437458E0019CE02 /* GlobalHelpers.swift */; };
		2468E3A5245E99F2004042AD /* OverlayScene.swift in Sources */ = {isa = PBXBuildFile; fileRef = 2468E3A4245E99F2004042AD /* OverlayScene.swift */; };
		2468E3A7245EDA58004042AD /* ButtonBorderShader.fsh in Resources */ = {isa = PBXBuildFile; fileRef = 2468E3A6245EDA58004042AD /* ButtonBorderShader.fsh */; };
		2468E3A9245FD85F004042AD /* Button.swift in Sources */ = {isa = PBXBuildFile; fileRef = 2468E3A8245FD85F004042AD /* Button.swift */; };
		2468E3AB245FDC02004042AD /* Title.swift in Sources */ = {isa = PBXBuildFile; fileRef = 2468E3AA245FDC01004042AD /* Title.swift */; };
		2468E3AD24612EF1004042AD /* Coordinator.swift in Sources */ = {isa = PBXBuildFile; fileRef = 2468E3AC24612EF1004042AD /* Coordinator.swift */; };
		2468E3B124613D63004042AD /* Screen.swift in Sources */ = {isa = PBXBuildFile; fileRef = 2468E3B024613D63004042AD /* Screen.swift */; };
		2468E3B524617529004042AD /* TitleLineShader.fsh in Resources */ = {isa = PBXBuildFile; fileRef = 2468E3B424617529004042AD /* TitleLineShader.fsh */; };
		2468E3B7246193F7004042AD /* ReturnHomeConfirmScreen.swift in Sources */ = {isa = PBXBuildFile; fileRef = 2468E3B6246193F7004042AD /* ReturnHomeConfirmScreen.swift */; };
		2468E3B92462AAA1004042AD /* GameOverScreen.swift in Sources */ = {isa = PBXBuildFile; fileRef = 2468E3B82462AAA1004042AD /* GameOverScreen.swift */; };
		2468E3BB24651C42004042AD /* StageConfirmScreen.swift in Sources */ = {isa = PBXBuildFile; fileRef = 2468E3BA24651C42004042AD /* StageConfirmScreen.swift */; };
		2469393123C32C41001A6CAE /* MathLibrary.swift in Sources */ = {isa = PBXBuildFile; fileRef = 2469393023C32C41001A6CAE /* MathLibrary.swift */; };
		2469393523C465B0001A6CAE /* Renderer.swift in Sources */ = {isa = PBXBuildFile; fileRef = 2469393423C465B0001A6CAE /* Renderer.swift */; };
		2469393723C4A544001A6CAE /* Node.swift in Sources */ = {isa = PBXBuildFile; fileRef = 2469393623C4A544001A6CAE /* Node.swift */; };
		2469393923C5D126001A6CAE /* Player.swift in Sources */ = {isa = PBXBuildFile; fileRef = 2469393823C5D126001A6CAE /* Player.swift */; };
		2469393D23C5EB1E001A6CAE /* Scene.swift in Sources */ = {isa = PBXBuildFile; fileRef = 2469393C23C5EB1E001A6CAE /* Scene.swift */; };
		246ACBB923F7270500C947C9 /* NoiseLib.metal in Sources */ = {isa = PBXBuildFile; fileRef = 246ACBB823F7270500C947C9 /* NoiseLib.metal */; };
		247D704423E1D2CD00480199 /* Player.metal in Sources */ = {isa = PBXBuildFile; fileRef = 247D704323E1D2CD00480199 /* Player.metal */; };
		247D704823E6B20B00480199 /* GameScene.swift in Sources */ = {isa = PBXBuildFile; fileRef = 247D704723E6B20B00480199 /* GameScene.swift */; };
		247D705123E6CE0F00480199 /* MainSpawner.swift in Sources */ = {isa = PBXBuildFile; fileRef = 247D705023E6CE0F00480199 /* MainSpawner.swift */; };
		247D705323E70FAA00480199 /* Enemy.swift in Sources */ = {isa = PBXBuildFile; fileRef = 247D705223E70FAA00480199 /* Enemy.swift */; };
		247D705523E7173500480199 /* EnemyAttack.swift in Sources */ = {isa = PBXBuildFile; fileRef = 247D705423E7173500480199 /* EnemyAttack.swift */; };
		247D705823F0086D00480199 /* Arber-Vintage-Extended.otf in Resources */ = {isa = PBXBuildFile; fileRef = 247D705723F0086D00480199 /* Arber-Vintage-Extended.otf */; };
		247D705A23F009DD00480199 /* SKGameScene.swift in Sources */ = {isa = PBXBuildFile; fileRef = 247D705923F009DD00480199 /* SKGameScene.swift */; };
		247D705E23F52D8B00480199 /* Common.metal in Sources */ = {isa = PBXBuildFile; fileRef = 247D705D23F52D8B00480199 /* Common.metal */; };
		247D706123F531A800480199 /* RendererCommon.swift in Sources */ = {isa = PBXBuildFile; fileRef = 247D706023F531A800480199 /* RendererCommon.swift */; };
		247F6AEF25447BAD0021D562 /* ArcTrailRenderer.swift in Sources */ = {isa = PBXBuildFile; fileRef = 247F6AEE25447BAD0021D562 /* ArcTrailRenderer.swift */; };
		247F6AF2254567B10021D562 /* ArcTrail.metal in Sources */ = {isa = PBXBuildFile; fileRef = 247F6AF1254567B10021D562 /* ArcTrail.metal */; };
		2498112824127D2C00900AE9 /* UIColor+Extensions.swift in Sources */ = {isa = PBXBuildFile; fileRef = 2498112724127D2C00900AE9 /* UIColor+Extensions.swift */; };
		2498112C2412880600900AE9 /* SKColor+Extensions.swift in Sources */ = {isa = PBXBuildFile; fileRef = 2498112B2412880600900AE9 /* SKColor+Extensions.swift */; };
		2498112E24129E2700900AE9 /* Besom-extended.otf in Resources */ = {isa = PBXBuildFile; fileRef = 2498112D24129E2700900AE9 /* Besom-extended.otf */; };
		2498113024156A1500900AE9 /* Muli-Regular.ttf in Resources */ = {isa = PBXBuildFile; fileRef = 2498112F24156A1500900AE9 /* Muli-Regular.ttf */; };
		24981132241820CA00900AE9 /* Potion.swift in Sources */ = {isa = PBXBuildFile; fileRef = 24981131241820CA00900AE9 /* Potion.swift */; };
		249811352418271F00900AE9 /* Potion.metal in Sources */ = {isa = PBXBuildFile; fileRef = 249811342418271F00900AE9 /* Potion.metal */; };
		24AEB5122430A8BF00EC37F4 /* Particle.swift in Sources */ = {isa = PBXBuildFile; fileRef = 24AEB5112430A8BF00EC37F4 /* Particle.swift */; };
		24AF76102541A43D00F137EA /* Recorder.swift in Sources */ = {isa = PBXBuildFile; fileRef = 24AF760F2541A43D00F137EA /* Recorder.swift */; };
		24AF76132541AB3300F137EA /* Recorder.metal in Sources */ = {isa = PBXBuildFile; fileRef = 24AF76122541AB3300F137EA /* Recorder.metal */; };
		24D15E8E2549BEE1004DA636 /* Indicators.metal in Sources */ = {isa = PBXBuildFile; fileRef = 24D15E8D2549BEE1004DA636 /* Indicators.metal */; };
		24D15E912549BF90004DA636 /* ShockwaveIndicator.swift in Sources */ = {isa = PBXBuildFile; fileRef = 24D15E902549BF90004DA636 /* ShockwaveIndicator.swift */; };
		24D15E9A2549C9B2004DA636 /* ProgressNode.swift in Sources */ = {isa = PBXBuildFile; fileRef = 24D15E992549C9B2004DA636 /* ProgressNode.swift */; };
		24D7FF55241A700E007743C6 /* CGSize+Extensions.swift in Sources */ = {isa = PBXBuildFile; fileRef = 24D7FF54241A700E007743C6 /* CGSize+Extensions.swift */; };
		24D7FF57241B8191007743C6 /* EnergyGainLabel.swift in Sources */ = {isa = PBXBuildFile; fileRef = 24D7FF56241B8191007743C6 /* EnergyGainLabel.swift */; };
		24D7FF59241B86AB007743C6 /* FavorGainLabel.swift in Sources */ = {isa = PBXBuildFile; fileRef = 24D7FF58241B86AB007743C6 /* FavorGainLabel.swift */; };
		24D7FF5B241BC2F7007743C6 /* GainLabel.swift in Sources */ = {isa = PBXBuildFile; fileRef = 24D7FF5A241BC2F7007743C6 /* GainLabel.swift */; };
		24D7FF5D242150A9007743C6 /* HealthGainLabel.swift in Sources */ = {isa = PBXBuildFile; fileRef = 24D7FF5C242150A9007743C6 /* HealthGainLabel.swift */; };
		24D7FF5F24225970007743C6 /* Colors.swift in Sources */ = {isa = PBXBuildFile; fileRef = 24D7FF5E24225970007743C6 /* Colors.swift */; };
		24D7FF61242511A7007743C6 /* PotionConsumer.swift in Sources */ = {isa = PBXBuildFile; fileRef = 24D7FF60242511A7007743C6 /* PotionConsumer.swift */; };
		24D7FF68242B244A007743C6 /* SKAction+Extensions.swift in Sources */ = {isa = PBXBuildFile; fileRef = 24D7FF67242B244A007743C6 /* SKAction+Extensions.swift */; };
		24D9E85C23C1C8B500CB6638 /* AppDelegate.swift in Sources */ = {isa = PBXBuildFile; fileRef = 24D9E85B23C1C8B500CB6638 /* AppDelegate.swift */; };
		24D9E85F23C1C8B500CB6638 /* MainRenderer.swift in Sources */ = {isa = PBXBuildFile; fileRef = 24D9E85E23C1C8B500CB6638 /* MainRenderer.swift */; };
		24D9E86123C1C8B500CB6638 /* GameViewController.swift in Sources */ = {isa = PBXBuildFile; fileRef = 24D9E86023C1C8B500CB6638 /* GameViewController.swift */; };
		24D9E86323C1C8B500CB6638 /* Shaders.metal in Sources */ = {isa = PBXBuildFile; fileRef = 24D9E86223C1C8B500CB6638 /* Shaders.metal */; };
		24D9E86623C1C8B500CB6638 /* Main.storyboard in Resources */ = {isa = PBXBuildFile; fileRef = 24D9E86423C1C8B500CB6638 /* Main.storyboard */; };
		24D9E86823C1C8B600CB6638 /* Assets.xcassets in Resources */ = {isa = PBXBuildFile; fileRef = 24D9E86723C1C8B600CB6638 /* Assets.xcassets */; };
		24D9E86B23C1C8B600CB6638 /* LaunchScreen.storyboard in Resources */ = {isa = PBXBuildFile; fileRef = 24D9E86923C1C8B600CB6638 /* LaunchScreen.storyboard */; };
		24D9E87523C1D3AE00CB6638 /* BufferFormats.swift in Sources */ = {isa = PBXBuildFile; fileRef = 24D9E87423C1D3AE00CB6638 /* BufferFormats.swift */; };
		24DCFD382474FC4200FE2FC1 /* TrailManager.swift in Sources */ = {isa = PBXBuildFile; fileRef = 24DCFD372474FC4200FE2FC1 /* TrailManager.swift */; };
		24DCFD3A2475353100FE2FC1 /* TrailRenderer.swift in Sources */ = {isa = PBXBuildFile; fileRef = 24DCFD392475353100FE2FC1 /* TrailRenderer.swift */; };
		24E65F4D247CF28A004EE053 /* AttackAbility.swift in Sources */ = {isa = PBXBuildFile; fileRef = 24E65F4C247CF28A004EE053 /* AttackAbility.swift */; };
		24E65F4F247D1F43004EE053 /* ProgressManager.swift in Sources */ = {isa = PBXBuildFile; fileRef = 24E65F4E247D1F43004EE053 /* ProgressManager.swift */; };
		24E65F512483BF50004EE053 /* TutorialScreen.swift in Sources */ = {isa = PBXBuildFile; fileRef = 24E65F502483BF50004EE053 /* TutorialScreen.swift */; };
		24E7D8AC240545B6007A66D2 /* BasicAttackAbility.swift in Sources */ = {isa = PBXBuildFile; fileRef = 24E7D8AB240545B6007A66D2 /* BasicAttackAbility.swift */; };
		24E7D8B224057DC3007A66D2 /* MachineGunAbility.swift in Sources */ = {isa = PBXBuildFile; fileRef = 24E7D8B124057DC3007A66D2 /* MachineGunAbility.swift */; };
		24E7D8B424057E36007A66D2 /* CannonAbility.swift in Sources */ = {isa = PBXBuildFile; fileRef = 24E7D8B324057E36007A66D2 /* CannonAbility.swift */; };
		24E7D8B6240588CF007A66D2 /* Ability.swift in Sources */ = {isa = PBXBuildFile; fileRef = 24E7D8B5240588CF007A66D2 /* Ability.swift */; };
		24E7D8B824066093007A66D2 /* StageManager.swift in Sources */ = {isa = PBXBuildFile; fileRef = 24E7D8B724066093007A66D2 /* StageManager.swift */; };
		24EBD46B245C725000410D1E /* PauseScreen.swift in Sources */ = {isa = PBXBuildFile; fileRef = 24EBD46A245C724F00410D1E /* PauseScreen.swift */; };
		24EBD46D245D780000410D1E /* NotificationName+Extensions.swift in Sources */ = {isa = PBXBuildFile; fileRef = 24EBD46C245D780000410D1E /* NotificationName+Extensions.swift */; };
		24F070BF2522FF7000D2954D /* MainTextureRenderer.swift in Sources */ = {isa = PBXBuildFile; fileRef = 24F070BE2522FF7000D2954D /* MainTextureRenderer.swift */; };
		24F6BAFC25497486009C6170 /* UtilitySpawnIndicator.swift in Sources */ = {isa = PBXBuildFile; fileRef = 24F6BAFB25497486009C6170 /* UtilitySpawnIndicator.swift */; };
/* End PBXBuildFile section */

/* Begin PBXFileReference section */
		2414AB14250D091000B3299C /* EnergySymbol.swift */ = {isa = PBXFileReference; lastKnownFileType = sourcecode.swift; path = EnergySymbol.swift; sourceTree = "<group>"; };
		2414AB16250D34B000B3299C /* ParticleTrailHandler.swift */ = {isa = PBXFileReference; fileEncoding = 4; lastKnownFileType = sourcecode.swift; path = ParticleTrailHandler.swift; sourceTree = "<group>"; };
		2414AB1A251090A400B3299C /* PlayerManager.swift */ = {isa = PBXFileReference; lastKnownFileType = sourcecode.swift; path = PlayerManager.swift; sourceTree = "<group>"; };
		2414AB1C2511E14F00B3299C /* PowerUp.swift */ = {isa = PBXFileReference; lastKnownFileType = sourcecode.swift; path = PowerUp.swift; sourceTree = "<group>"; };
		2414AB1E2511E18500B3299C /* PowerUpNode.swift */ = {isa = PBXFileReference; lastKnownFileType = sourcecode.swift; path = PowerUpNode.swift; sourceTree = "<group>"; };
		2414AB212511E5F400B3299C /* EnemySpawner.swift */ = {isa = PBXFileReference; lastKnownFileType = sourcecode.swift; path = EnemySpawner.swift; sourceTree = "<group>"; };
		2414AB232511E5FB00B3299C /* PotionSpawner.swift */ = {isa = PBXFileReference; lastKnownFileType = sourcecode.swift; path = PotionSpawner.swift; sourceTree = "<group>"; };
		2414AB252511E60600B3299C /* PowerUpSpawner.swift */ = {isa = PBXFileReference; lastKnownFileType = sourcecode.swift; path = PowerUpSpawner.swift; sourceTree = "<group>"; };
		2414AB412515C1A300B3299C /* EnemyRenderer.swift */ = {isa = PBXFileReference; lastKnownFileType = sourcecode.swift; path = EnemyRenderer.swift; sourceTree = "<group>"; };
		2414AB432515C66700B3299C /* ParticleRenderer.swift */ = {isa = PBXFileReference; lastKnownFileType = sourcecode.swift; path = ParticleRenderer.swift; sourceTree = "<group>"; };
		2414AB452515C72400B3299C /* EnemyAttackRenderer.swift */ = {isa = PBXFileReference; lastKnownFileType = sourcecode.swift; path = EnemyAttackRenderer.swift; sourceTree = "<group>"; };
		2414AB472515C85900B3299C /* MainPotionRenderer.swift */ = {isa = PBXFileReference; lastKnownFileType = sourcecode.swift; path = MainPotionRenderer.swift; sourceTree = "<group>"; };
		2414AB492515CD7500B3299C /* TextureHolder.swift */ = {isa = PBXFileReference; lastKnownFileType = sourcecode.swift; path = TextureHolder.swift; sourceTree = "<group>"; };
		24229631253585A2003F7F70 /* PotionType.swift */ = {isa = PBXFileReference; lastKnownFileType = sourcecode.swift; path = PotionType.swift; sourceTree = "<group>"; };
		2433B4AB2541BC09008B0B5B /* ZoeSlasher.entitlements */ = {isa = PBXFileReference; lastKnownFileType = text.plist.entitlements; path = ZoeSlasher.entitlements; sourceTree = "<group>"; };
		2433B4AD2541BC0A008B0B5B /* HealthKit.framework */ = {isa = PBXFileReference; lastKnownFileType = wrapper.framework; name = HealthKit.framework; path = System/Library/Frameworks/HealthKit.framework; sourceTree = SDKROOT; };
		243B30B6247959890015CFD1 /* HomeScreen.swift */ = {isa = PBXFileReference; lastKnownFileType = sourcecode.swift; path = HomeScreen.swift; sourceTree = "<group>"; };
		24446494252323A000D72EFD /* PowerUpNodeRenderer.swift */ = {isa = PBXFileReference; lastKnownFileType = sourcecode.swift; path = PowerUpNodeRenderer.swift; sourceTree = "<group>"; };
		24446497252324DF00D72EFD /* PowerUp.metal */ = {isa = PBXFileReference; lastKnownFileType = sourcecode.metal; path = PowerUp.metal; sourceTree = "<group>"; };
		2444649D25232C1700D72EFD /* MainPowerUpNodeRenderer.swift */ = {isa = PBXFileReference; lastKnownFileType = sourcecode.swift; path = MainPowerUpNodeRenderer.swift; sourceTree = "<group>"; };
		244464A225235CE400D72EFD /* PowerUpType.swift */ = {isa = PBXFileReference; lastKnownFileType = sourcecode.swift; path = PowerUpType.swift; sourceTree = "<group>"; };
		24629E62240D6A87009A465B /* Sanos-Extended.ttf */ = {isa = PBXFileReference; lastKnownFileType = file; path = "Sanos-Extended.ttf"; sourceTree = "<group>"; };
		24629E64240D6CCF009A465B /* CGPoint+Extensions.swift */ = {isa = PBXFileReference; fileEncoding = 4; lastKnownFileType = sourcecode.swift; path = "CGPoint+Extensions.swift"; sourceTree = "<group>"; };
		2464427B24127BFB004CF697 /* ComboLabel.swift */ = {isa = PBXFileReference; lastKnownFileType = sourcecode.swift; path = ComboLabel.swift; sourceTree = "<group>"; };
		2465E7762435E2490019CE02 /* InstanceRenderer.swift */ = {isa = PBXFileReference; lastKnownFileType = sourcecode.swift; path = InstanceRenderer.swift; sourceTree = "<group>"; };
		2465E7782435F20D0019CE02 /* TextureRenderer.swift */ = {isa = PBXFileReference; lastKnownFileType = sourcecode.swift; path = TextureRenderer.swift; sourceTree = "<group>"; };
		2465E77A24360EF10019CE02 /* PotionRenderer.swift */ = {isa = PBXFileReference; lastKnownFileType = sourcecode.swift; path = PotionRenderer.swift; sourceTree = "<group>"; };
		2465E77C2437458E0019CE02 /* GlobalHelpers.swift */ = {isa = PBXFileReference; lastKnownFileType = sourcecode.swift; path = GlobalHelpers.swift; sourceTree = "<group>"; };
		2468E3A4245E99F2004042AD /* OverlayScene.swift */ = {isa = PBXFileReference; lastKnownFileType = sourcecode.swift; path = OverlayScene.swift; sourceTree = "<group>"; };
		2468E3A6245EDA58004042AD /* ButtonBorderShader.fsh */ = {isa = PBXFileReference; lastKnownFileType = sourcecode.glsl; path = ButtonBorderShader.fsh; sourceTree = "<group>"; };
		2468E3A8245FD85F004042AD /* Button.swift */ = {isa = PBXFileReference; lastKnownFileType = sourcecode.swift; path = Button.swift; sourceTree = "<group>"; };
		2468E3AA245FDC01004042AD /* Title.swift */ = {isa = PBXFileReference; lastKnownFileType = sourcecode.swift; path = Title.swift; sourceTree = "<group>"; };
		2468E3AC24612EF1004042AD /* Coordinator.swift */ = {isa = PBXFileReference; lastKnownFileType = sourcecode.swift; path = Coordinator.swift; sourceTree = "<group>"; };
		2468E3B024613D63004042AD /* Screen.swift */ = {isa = PBXFileReference; lastKnownFileType = sourcecode.swift; path = Screen.swift; sourceTree = "<group>"; };
		2468E3B424617529004042AD /* TitleLineShader.fsh */ = {isa = PBXFileReference; lastKnownFileType = sourcecode.glsl; path = TitleLineShader.fsh; sourceTree = "<group>"; };
		2468E3B6246193F7004042AD /* ReturnHomeConfirmScreen.swift */ = {isa = PBXFileReference; lastKnownFileType = sourcecode.swift; path = ReturnHomeConfirmScreen.swift; sourceTree = "<group>"; };
		2468E3B82462AAA1004042AD /* GameOverScreen.swift */ = {isa = PBXFileReference; lastKnownFileType = sourcecode.swift; path = GameOverScreen.swift; sourceTree = "<group>"; };
		2468E3BA24651C42004042AD /* StageConfirmScreen.swift */ = {isa = PBXFileReference; lastKnownFileType = sourcecode.swift; path = StageConfirmScreen.swift; sourceTree = "<group>"; };
		2469393023C32C41001A6CAE /* MathLibrary.swift */ = {isa = PBXFileReference; lastKnownFileType = sourcecode.swift; path = MathLibrary.swift; sourceTree = "<group>"; };
		2469393423C465B0001A6CAE /* Renderer.swift */ = {isa = PBXFileReference; lastKnownFileType = sourcecode.swift; path = Renderer.swift; sourceTree = "<group>"; };
		2469393623C4A544001A6CAE /* Node.swift */ = {isa = PBXFileReference; lastKnownFileType = sourcecode.swift; path = Node.swift; sourceTree = "<group>"; };
		2469393823C5D126001A6CAE /* Player.swift */ = {isa = PBXFileReference; lastKnownFileType = sourcecode.swift; path = Player.swift; sourceTree = "<group>"; };
		2469393C23C5EB1E001A6CAE /* Scene.swift */ = {isa = PBXFileReference; lastKnownFileType = sourcecode.swift; path = Scene.swift; sourceTree = "<group>"; };
		246ACBB823F7270500C947C9 /* NoiseLib.metal */ = {isa = PBXFileReference; lastKnownFileType = sourcecode.metal; path = NoiseLib.metal; sourceTree = "<group>"; };
		247D704323E1D2CD00480199 /* Player.metal */ = {isa = PBXFileReference; lastKnownFileType = sourcecode.metal; path = Player.metal; sourceTree = "<group>"; };
		247D704623E1D4BC00480199 /* SpriteRendererShared.h */ = {isa = PBXFileReference; lastKnownFileType = sourcecode.c.h; path = SpriteRendererShared.h; sourceTree = "<group>"; };
		247D704723E6B20B00480199 /* GameScene.swift */ = {isa = PBXFileReference; lastKnownFileType = sourcecode.swift; path = GameScene.swift; sourceTree = "<group>"; };
		247D705023E6CE0F00480199 /* MainSpawner.swift */ = {isa = PBXFileReference; lastKnownFileType = sourcecode.swift; path = MainSpawner.swift; sourceTree = "<group>"; };
		247D705223E70FAA00480199 /* Enemy.swift */ = {isa = PBXFileReference; lastKnownFileType = sourcecode.swift; path = Enemy.swift; sourceTree = "<group>"; };
		247D705423E7173500480199 /* EnemyAttack.swift */ = {isa = PBXFileReference; lastKnownFileType = sourcecode.swift; path = EnemyAttack.swift; sourceTree = "<group>"; };
		247D705723F0086D00480199 /* Arber-Vintage-Extended.otf */ = {isa = PBXFileReference; lastKnownFileType = file; path = "Arber-Vintage-Extended.otf"; sourceTree = "<group>"; };
		247D705923F009DD00480199 /* SKGameScene.swift */ = {isa = PBXFileReference; lastKnownFileType = sourcecode.swift; path = SKGameScene.swift; sourceTree = "<group>"; };
		247D705D23F52D8B00480199 /* Common.metal */ = {isa = PBXFileReference; lastKnownFileType = sourcecode.metal; path = Common.metal; sourceTree = "<group>"; };
		247D705F23F52F2900480199 /* Common.h */ = {isa = PBXFileReference; lastKnownFileType = sourcecode.c.h; path = Common.h; sourceTree = "<group>"; };
		247D706023F531A800480199 /* RendererCommon.swift */ = {isa = PBXFileReference; lastKnownFileType = sourcecode.swift; path = RendererCommon.swift; sourceTree = "<group>"; };
		247F6AEE25447BAD0021D562 /* ArcTrailRenderer.swift */ = {isa = PBXFileReference; lastKnownFileType = sourcecode.swift; path = ArcTrailRenderer.swift; sourceTree = "<group>"; };
		247F6AF1254567B10021D562 /* ArcTrail.metal */ = {isa = PBXFileReference; lastKnownFileType = sourcecode.metal; path = ArcTrail.metal; sourceTree = "<group>"; };
		2498112724127D2C00900AE9 /* UIColor+Extensions.swift */ = {isa = PBXFileReference; lastKnownFileType = sourcecode.swift; path = "UIColor+Extensions.swift"; sourceTree = "<group>"; };
		2498112B2412880600900AE9 /* SKColor+Extensions.swift */ = {isa = PBXFileReference; fileEncoding = 4; lastKnownFileType = sourcecode.swift; path = "SKColor+Extensions.swift"; sourceTree = "<group>"; };
		2498112D24129E2700900AE9 /* Besom-extended.otf */ = {isa = PBXFileReference; lastKnownFileType = file; path = "Besom-extended.otf"; sourceTree = "<group>"; };
		2498112F24156A1500900AE9 /* Muli-Regular.ttf */ = {isa = PBXFileReference; lastKnownFileType = file; path = "Muli-Regular.ttf"; sourceTree = "<group>"; };
		24981131241820CA00900AE9 /* Potion.swift */ = {isa = PBXFileReference; lastKnownFileType = sourcecode.swift; path = Potion.swift; sourceTree = "<group>"; };
		249811342418271F00900AE9 /* Potion.metal */ = {isa = PBXFileReference; lastKnownFileType = sourcecode.metal; path = Potion.metal; sourceTree = "<group>"; };
		24AEB5112430A8BF00EC37F4 /* Particle.swift */ = {isa = PBXFileReference; lastKnownFileType = sourcecode.swift; path = Particle.swift; sourceTree = "<group>"; };
		24AF760F2541A43D00F137EA /* Recorder.swift */ = {isa = PBXFileReference; lastKnownFileType = sourcecode.swift; path = Recorder.swift; sourceTree = "<group>"; };
		24AF76122541AB3300F137EA /* Recorder.metal */ = {isa = PBXFileReference; lastKnownFileType = sourcecode.metal; path = Recorder.metal; sourceTree = "<group>"; };
		24D15E8D2549BEE1004DA636 /* Indicators.metal */ = {isa = PBXFileReference; lastKnownFileType = sourcecode.metal; path = Indicators.metal; sourceTree = "<group>"; };
		24D15E902549BF90004DA636 /* ShockwaveIndicator.swift */ = {isa = PBXFileReference; lastKnownFileType = sourcecode.swift; path = ShockwaveIndicator.swift; sourceTree = "<group>"; };
		24D15E992549C9B2004DA636 /* ProgressNode.swift */ = {isa = PBXFileReference; lastKnownFileType = sourcecode.swift; path = ProgressNode.swift; sourceTree = "<group>"; };
		24D7FF54241A700E007743C6 /* CGSize+Extensions.swift */ = {isa = PBXFileReference; lastKnownFileType = sourcecode.swift; path = "CGSize+Extensions.swift"; sourceTree = "<group>"; };
		24D7FF56241B8191007743C6 /* EnergyGainLabel.swift */ = {isa = PBXFileReference; lastKnownFileType = sourcecode.swift; path = EnergyGainLabel.swift; sourceTree = "<group>"; };
		24D7FF58241B86AB007743C6 /* FavorGainLabel.swift */ = {isa = PBXFileReference; lastKnownFileType = sourcecode.swift; path = FavorGainLabel.swift; sourceTree = "<group>"; };
		24D7FF5A241BC2F7007743C6 /* GainLabel.swift */ = {isa = PBXFileReference; lastKnownFileType = sourcecode.swift; path = GainLabel.swift; sourceTree = "<group>"; };
		24D7FF5C242150A9007743C6 /* HealthGainLabel.swift */ = {isa = PBXFileReference; lastKnownFileType = sourcecode.swift; path = HealthGainLabel.swift; sourceTree = "<group>"; };
		24D7FF5E24225970007743C6 /* Colors.swift */ = {isa = PBXFileReference; lastKnownFileType = sourcecode.swift; path = Colors.swift; sourceTree = "<group>"; };
		24D7FF60242511A7007743C6 /* PotionConsumer.swift */ = {isa = PBXFileReference; lastKnownFileType = sourcecode.swift; path = PotionConsumer.swift; sourceTree = "<group>"; };
		24D7FF67242B244A007743C6 /* SKAction+Extensions.swift */ = {isa = PBXFileReference; lastKnownFileType = sourcecode.swift; path = "SKAction+Extensions.swift"; sourceTree = "<group>"; };
		24D9E85823C1C8B500CB6638 /* ZoeSlasher.app */ = {isa = PBXFileReference; explicitFileType = wrapper.application; includeInIndex = 0; path = ZoeSlasher.app; sourceTree = BUILT_PRODUCTS_DIR; };
		24D9E85B23C1C8B500CB6638 /* AppDelegate.swift */ = {isa = PBXFileReference; lastKnownFileType = sourcecode.swift; path = AppDelegate.swift; sourceTree = "<group>"; };
		24D9E85D23C1C8B500CB6638 /* ShaderTypes.h */ = {isa = PBXFileReference; lastKnownFileType = sourcecode.c.h; path = ShaderTypes.h; sourceTree = "<group>"; };
		24D9E85E23C1C8B500CB6638 /* MainRenderer.swift */ = {isa = PBXFileReference; lastKnownFileType = sourcecode.swift; path = MainRenderer.swift; sourceTree = "<group>"; };
		24D9E86023C1C8B500CB6638 /* GameViewController.swift */ = {isa = PBXFileReference; lastKnownFileType = sourcecode.swift; path = GameViewController.swift; sourceTree = "<group>"; };
		24D9E86223C1C8B500CB6638 /* Shaders.metal */ = {isa = PBXFileReference; lastKnownFileType = sourcecode.metal; path = Shaders.metal; sourceTree = "<group>"; };
		24D9E86523C1C8B500CB6638 /* Base */ = {isa = PBXFileReference; lastKnownFileType = file.storyboard; name = Base; path = Base.lproj/Main.storyboard; sourceTree = "<group>"; };
		24D9E86723C1C8B600CB6638 /* Assets.xcassets */ = {isa = PBXFileReference; lastKnownFileType = folder.assetcatalog; path = Assets.xcassets; sourceTree = "<group>"; };
		24D9E86A23C1C8B600CB6638 /* Base */ = {isa = PBXFileReference; lastKnownFileType = file.storyboard; name = Base; path = Base.lproj/LaunchScreen.storyboard; sourceTree = "<group>"; };
		24D9E86C23C1C8B600CB6638 /* Info.plist */ = {isa = PBXFileReference; lastKnownFileType = text.plist.xml; path = Info.plist; sourceTree = "<group>"; };
		24D9E87423C1D3AE00CB6638 /* BufferFormats.swift */ = {isa = PBXFileReference; lastKnownFileType = sourcecode.swift; path = BufferFormats.swift; sourceTree = "<group>"; };
		24DCFD372474FC4200FE2FC1 /* TrailManager.swift */ = {isa = PBXFileReference; lastKnownFileType = sourcecode.swift; path = TrailManager.swift; sourceTree = "<group>"; };
		24DCFD392475353100FE2FC1 /* TrailRenderer.swift */ = {isa = PBXFileReference; lastKnownFileType = sourcecode.swift; path = TrailRenderer.swift; sourceTree = "<group>"; };
		24E65F4C247CF28A004EE053 /* AttackAbility.swift */ = {isa = PBXFileReference; lastKnownFileType = sourcecode.swift; path = AttackAbility.swift; sourceTree = "<group>"; };
		24E65F4E247D1F43004EE053 /* ProgressManager.swift */ = {isa = PBXFileReference; lastKnownFileType = sourcecode.swift; path = ProgressManager.swift; sourceTree = "<group>"; };
		24E65F502483BF50004EE053 /* TutorialScreen.swift */ = {isa = PBXFileReference; lastKnownFileType = sourcecode.swift; path = TutorialScreen.swift; sourceTree = "<group>"; };
		24E7D8AB240545B6007A66D2 /* BasicAttackAbility.swift */ = {isa = PBXFileReference; lastKnownFileType = sourcecode.swift; path = BasicAttackAbility.swift; sourceTree = "<group>"; };
		24E7D8B124057DC3007A66D2 /* MachineGunAbility.swift */ = {isa = PBXFileReference; lastKnownFileType = sourcecode.swift; path = MachineGunAbility.swift; sourceTree = "<group>"; };
		24E7D8B324057E36007A66D2 /* CannonAbility.swift */ = {isa = PBXFileReference; lastKnownFileType = sourcecode.swift; path = CannonAbility.swift; sourceTree = "<group>"; };
		24E7D8B5240588CF007A66D2 /* Ability.swift */ = {isa = PBXFileReference; lastKnownFileType = sourcecode.swift; path = Ability.swift; sourceTree = "<group>"; };
		24E7D8B724066093007A66D2 /* StageManager.swift */ = {isa = PBXFileReference; lastKnownFileType = sourcecode.swift; path = StageManager.swift; sourceTree = "<group>"; };
		24EBD46A245C724F00410D1E /* PauseScreen.swift */ = {isa = PBXFileReference; lastKnownFileType = sourcecode.swift; path = PauseScreen.swift; sourceTree = "<group>"; };
		24EBD46C245D780000410D1E /* NotificationName+Extensions.swift */ = {isa = PBXFileReference; lastKnownFileType = sourcecode.swift; path = "NotificationName+Extensions.swift"; sourceTree = "<group>"; };
		24F070BE2522FF7000D2954D /* MainTextureRenderer.swift */ = {isa = PBXFileReference; lastKnownFileType = sourcecode.swift; path = MainTextureRenderer.swift; sourceTree = "<group>"; };
		24F6BAFB25497486009C6170 /* UtilitySpawnIndicator.swift */ = {isa = PBXFileReference; lastKnownFileType = sourcecode.swift; path = UtilitySpawnIndicator.swift; sourceTree = "<group>"; };
/* End PBXFileReference section */

/* Begin PBXFrameworksBuildPhase section */
		24D9E85523C1C8B500CB6638 /* Frameworks */ = {
			isa = PBXFrameworksBuildPhase;
			buildActionMask = 2147483647;
			files = (
				2433B4AE2541BC0A008B0B5B /* HealthKit.framework in Frameworks */,
			);
			runOnlyForDeploymentPostprocessing = 0;
		};
/* End PBXFrameworksBuildPhase section */

/* Begin PBXGroup section */
		2414AB1825108F2200B3299C /* Player */ = {
			isa = PBXGroup;
			children = (
				244464A125235CD100D72EFD /* PowerUp */,
				2469393823C5D126001A6CAE /* Player.swift */,
				2414AB1A251090A400B3299C /* PlayerManager.swift */,
				24DCFD372474FC4200FE2FC1 /* TrailManager.swift */,
				2414AB16250D34B000B3299C /* ParticleTrailHandler.swift */,
				2414AB14250D091000B3299C /* EnergySymbol.swift */,
			);
			path = Player;
			sourceTree = "<group>";
		};
		2414AB1925108F3600B3299C /* Enemy */ = {
			isa = PBXGroup;
			children = (
				24E7D8AA24054592007A66D2 /* Abilities */,
				247D705223E70FAA00480199 /* Enemy.swift */,
				247D705423E7173500480199 /* EnemyAttack.swift */,
			);
			path = Enemy;
			sourceTree = "<group>";
		};
		2414AB202511E56A00B3299C /* Spawners */ = {
			isa = PBXGroup;
			children = (
				247D705023E6CE0F00480199 /* MainSpawner.swift */,
				2414AB212511E5F400B3299C /* EnemySpawner.swift */,
				2414AB232511E5FB00B3299C /* PotionSpawner.swift */,
				2414AB252511E60600B3299C /* PowerUpSpawner.swift */,
			);
			path = Spawners;
			sourceTree = "<group>";
		};
		2414AB3F2515C0DA00B3299C /* Base */ = {
			isa = PBXGroup;
			children = (
				2469393423C465B0001A6CAE /* Renderer.swift */,
				2465E7762435E2490019CE02 /* InstanceRenderer.swift */,
			);
			path = Base;
			sourceTree = "<group>";
		};
		2433B4AC2541BC0A008B0B5B /* Frameworks */ = {
			isa = PBXGroup;
			children = (
				2433B4AD2541BC0A008B0B5B /* HealthKit.framework */,
			);
			name = Frameworks;
			sourceTree = "<group>";
		};
		244464A125235CD100D72EFD /* PowerUp */ = {
			isa = PBXGroup;
			children = (
				2414AB1C2511E14F00B3299C /* PowerUp.swift */,
				244464A225235CE400D72EFD /* PowerUpType.swift */,
				2414AB1E2511E18500B3299C /* PowerUpNode.swift */,
			);
			path = PowerUp;
			sourceTree = "<group>";
		};
		24629E66240D6CD4009A465B /* Extensions */ = {
			isa = PBXGroup;
			children = (
				2498112B2412880600900AE9 /* SKColor+Extensions.swift */,
				24629E64240D6CCF009A465B /* CGPoint+Extensions.swift */,
				2498112724127D2C00900AE9 /* UIColor+Extensions.swift */,
				24D7FF54241A700E007743C6 /* CGSize+Extensions.swift */,
				24D7FF67242B244A007743C6 /* SKAction+Extensions.swift */,
				24EBD46C245D780000410D1E /* NotificationName+Extensions.swift */,
			);
			path = Extensions;
			sourceTree = "<group>";
		};
		2464427A24127BEA004CF697 /* UI */ = {
			isa = PBXGroup;
			children = (
				247C40F4246FC76F00CC1888 /* Components */,
				247C40F5246FC79200CC1888 /* Screens */,
				247D705923F009DD00480199 /* SKGameScene.swift */,
				2468E3A4245E99F2004042AD /* OverlayScene.swift */,
				2468E3AC24612EF1004042AD /* Coordinator.swift */,
			);
			path = UI;
			sourceTree = "<group>";
		};
		2469392F23C32C31001A6CAE /* Utlity */ = {
			isa = PBXGroup;
			children = (
				2469393023C32C41001A6CAE /* MathLibrary.swift */,
				24629E66240D6CD4009A465B /* Extensions */,
				2465E77C2437458E0019CE02 /* GlobalHelpers.swift */,
				24AF760F2541A43D00F137EA /* Recorder.swift */,
				24AF76122541AB3300F137EA /* Recorder.metal */,
			);
			path = Utlity;
			sourceTree = "<group>";
		};
		2469393E23C5EC96001A6CAE /* Renderers */ = {
			isa = PBXGroup;
			children = (
				2414AB3F2515C0DA00B3299C /* Base */,
				247D706223F531AB00480199 /* Main */,
				24D9E86223C1C8B500CB6638 /* Shaders.metal */,
				24D15E8D2549BEE1004DA636 /* Indicators.metal */,
				247D704323E1D2CD00480199 /* Player.metal */,
				24D9E87423C1D3AE00CB6638 /* BufferFormats.swift */,
				247D704623E1D4BC00480199 /* SpriteRendererShared.h */,
				2414AB432515C66700B3299C /* ParticleRenderer.swift */,
				24DCFD392475353100FE2FC1 /* TrailRenderer.swift */,
				2414AB412515C1A300B3299C /* EnemyRenderer.swift */,
				2414AB452515C72400B3299C /* EnemyAttackRenderer.swift */,
				2465E77A24360EF10019CE02 /* PotionRenderer.swift */,
				249811342418271F00900AE9 /* Potion.metal */,
				2414AB472515C85900B3299C /* MainPotionRenderer.swift */,
				2414AB492515CD7500B3299C /* TextureHolder.swift */,
				2465E7782435F20D0019CE02 /* TextureRenderer.swift */,
				24F070BE2522FF7000D2954D /* MainTextureRenderer.swift */,
				24446494252323A000D72EFD /* PowerUpNodeRenderer.swift */,
				24446497252324DF00D72EFD /* PowerUp.metal */,
				2444649D25232C1700D72EFD /* MainPowerUpNodeRenderer.swift */,
				247F6AEE25447BAD0021D562 /* ArcTrailRenderer.swift */,
				247F6AF1254567B10021D562 /* ArcTrail.metal */,
			);
			path = Renderers;
			sourceTree = "<group>";
		};
		247C40F4246FC76F00CC1888 /* Components */ = {
			isa = PBXGroup;
			children = (
				2464427B24127BFB004CF697 /* ComboLabel.swift */,
				24D7FF56241B8191007743C6 /* EnergyGainLabel.swift */,
				24D7FF58241B86AB007743C6 /* FavorGainLabel.swift */,
				24D7FF5A241BC2F7007743C6 /* GainLabel.swift */,
				24D7FF5C242150A9007743C6 /* HealthGainLabel.swift */,
				24D7FF5E24225970007743C6 /* Colors.swift */,
				2468E3A8245FD85F004042AD /* Button.swift */,
				2468E3A6245EDA58004042AD /* ButtonBorderShader.fsh */,
				2468E3AA245FDC01004042AD /* Title.swift */,
				2468E3B424617529004042AD /* TitleLineShader.fsh */,
			);
			path = Components;
			sourceTree = "<group>";
		};
		247C40F5246FC79200CC1888 /* Screens */ = {
			isa = PBXGroup;
			children = (
				24EBD46A245C724F00410D1E /* PauseScreen.swift */,
				2468E3B6246193F7004042AD /* ReturnHomeConfirmScreen.swift */,
				2468E3B82462AAA1004042AD /* GameOverScreen.swift */,
				2468E3BA24651C42004042AD /* StageConfirmScreen.swift */,
				243B30B6247959890015CFD1 /* HomeScreen.swift */,
				24E65F502483BF50004EE053 /* TutorialScreen.swift */,
				2468E3B024613D63004042AD /* Screen.swift */,
			);
			path = Screens;
			sourceTree = "<group>";
		};
		247D704923E6CD3100480199 /* Game */ = {
			isa = PBXGroup;
			children = (
				2464427A24127BEA004CF697 /* UI */,
				24E7D8A324050A47007A66D2 /* Entities */,
				2414AB202511E56A00B3299C /* Spawners */,
				247D704723E6B20B00480199 /* GameScene.swift */,
				24E7D8B724066093007A66D2 /* StageManager.swift */,
				24E65F4E247D1F43004EE053 /* ProgressManager.swift */,
			);
			path = Game;
			sourceTree = "<group>";
		};
		247D704A23E6CD7D00480199 /* Base */ = {
			isa = PBXGroup;
			children = (
				2469393623C4A544001A6CAE /* Node.swift */,
				2469393C23C5EB1E001A6CAE /* Scene.swift */,
			);
			path = Base;
			sourceTree = "<group>";
		};
		247D705623F0085600480199 /* Resources */ = {
			isa = PBXGroup;
			children = (
				2498112F24156A1500900AE9 /* Muli-Regular.ttf */,
				2498112D24129E2700900AE9 /* Besom-extended.otf */,
				247D705723F0086D00480199 /* Arber-Vintage-Extended.otf */,
				24629E62240D6A87009A465B /* Sanos-Extended.ttf */,
			);
			path = Resources;
			sourceTree = "<group>";
		};
		247D706223F531AB00480199 /* Main */ = {
			isa = PBXGroup;
			children = (
				24D9E85E23C1C8B500CB6638 /* MainRenderer.swift */,
				247D706023F531A800480199 /* RendererCommon.swift */,
				247D705F23F52F2900480199 /* Common.h */,
				247D705D23F52D8B00480199 /* Common.metal */,
				24D9E85D23C1C8B500CB6638 /* ShaderTypes.h */,
				246ACBB823F7270500C947C9 /* NoiseLib.metal */,
			);
			path = Main;
			sourceTree = "<group>";
		};
		249811332418270F00900AE9 /* Potion */ = {
			isa = PBXGroup;
			children = (
				24981131241820CA00900AE9 /* Potion.swift */,
				24229631253585A2003F7F70 /* PotionType.swift */,
				24D7FF60242511A7007743C6 /* PotionConsumer.swift */,
			);
			path = Potion;
			sourceTree = "<group>";
		};
		24D9E84F23C1C8B500CB6638 = {
			isa = PBXGroup;
			children = (
				24D9E85A23C1C8B500CB6638 /* ZoeSlasher */,
				24D9E85923C1C8B500CB6638 /* Products */,
				2433B4AC2541BC0A008B0B5B /* Frameworks */,
			);
			sourceTree = "<group>";
		};
		24D9E85923C1C8B500CB6638 /* Products */ = {
			isa = PBXGroup;
			children = (
				24D9E85823C1C8B500CB6638 /* ZoeSlasher.app */,
			);
			name = Products;
			sourceTree = "<group>";
		};
		24D9E85A23C1C8B500CB6638 /* ZoeSlasher */ = {
			isa = PBXGroup;
			children = (
				2433B4AB2541BC09008B0B5B /* ZoeSlasher.entitlements */,
				247D705623F0085600480199 /* Resources */,
				247D704A23E6CD7D00480199 /* Base */,
				247D704923E6CD3100480199 /* Game */,
				2469393E23C5EC96001A6CAE /* Renderers */,
				2469392F23C32C31001A6CAE /* Utlity */,
				24D9E85B23C1C8B500CB6638 /* AppDelegate.swift */,
				24D9E86023C1C8B500CB6638 /* GameViewController.swift */,
				24D9E86423C1C8B500CB6638 /* Main.storyboard */,
				24D9E86723C1C8B600CB6638 /* Assets.xcassets */,
				24D9E86923C1C8B600CB6638 /* LaunchScreen.storyboard */,
				24D9E86C23C1C8B600CB6638 /* Info.plist */,
			);
			path = ZoeSlasher;
			sourceTree = "<group>";
		};
		24E7D8A324050A47007A66D2 /* Entities */ = {
			isa = PBXGroup;
			children = (
				2414AB1925108F3600B3299C /* Enemy */,
				2414AB1825108F2200B3299C /* Player */,
				249811332418270F00900AE9 /* Potion */,
				24AEB5112430A8BF00EC37F4 /* Particle.swift */,
				24F6BAFB25497486009C6170 /* UtilitySpawnIndicator.swift */,
				24D15E902549BF90004DA636 /* ShockwaveIndicator.swift */,
				24D15E992549C9B2004DA636 /* ProgressNode.swift */,
			);
			path = Entities;
			sourceTree = "<group>";
		};
		24E7D8AA24054592007A66D2 /* Abilities */ = {
			isa = PBXGroup;
			children = (
				24E7D8AB240545B6007A66D2 /* BasicAttackAbility.swift */,
				24E7D8B124057DC3007A66D2 /* MachineGunAbility.swift */,
				24E7D8B324057E36007A66D2 /* CannonAbility.swift */,
				24E7D8B5240588CF007A66D2 /* Ability.swift */,
				24E65F4C247CF28A004EE053 /* AttackAbility.swift */,
			);
			path = Abilities;
			sourceTree = "<group>";
		};
/* End PBXGroup section */

/* Begin PBXNativeTarget section */
		24D9E85723C1C8B500CB6638 /* ZoeSlasher */ = {
			isa = PBXNativeTarget;
			buildConfigurationList = 24D9E86F23C1C8B600CB6638 /* Build configuration list for PBXNativeTarget "ZoeSlasher" */;
			buildPhases = (
				24D9E85423C1C8B500CB6638 /* Sources */,
				24D9E85523C1C8B500CB6638 /* Frameworks */,
				24D9E85623C1C8B500CB6638 /* Resources */,
			);
			buildRules = (
			);
			dependencies = (
			);
			name = ZoeSlasher;
			productName = ZoeSlasher;
			productReference = 24D9E85823C1C8B500CB6638 /* ZoeSlasher.app */;
			productType = "com.apple.product-type.application";
		};
/* End PBXNativeTarget section */

/* Begin PBXProject section */
		24D9E85023C1C8B500CB6638 /* Project object */ = {
			isa = PBXProject;
			attributes = {
				LastSwiftUpdateCheck = 1120;
				LastUpgradeCheck = 1220;
				ORGANIZATIONNAME = "Nikola Bozhkov";
				TargetAttributes = {
					24D9E85723C1C8B500CB6638 = {
						CreatedOnToolsVersion = 11.2.1;
					};
				};
			};
			buildConfigurationList = 24D9E85323C1C8B500CB6638 /* Build configuration list for PBXProject "ZoeSlasher" */;
			compatibilityVersion = "Xcode 9.3";
			developmentRegion = en;
			hasScannedForEncodings = 0;
			knownRegions = (
				en,
				Base,
			);
			mainGroup = 24D9E84F23C1C8B500CB6638;
			productRefGroup = 24D9E85923C1C8B500CB6638 /* Products */;
			projectDirPath = "";
			projectRoot = "";
			targets = (
				24D9E85723C1C8B500CB6638 /* ZoeSlasher */,
			);
		};
/* End PBXProject section */

/* Begin PBXResourcesBuildPhase section */
		24D9E85623C1C8B500CB6638 /* Resources */ = {
			isa = PBXResourcesBuildPhase;
			buildActionMask = 2147483647;
			files = (
				24D9E86B23C1C8B600CB6638 /* LaunchScreen.storyboard in Resources */,
				2498112E24129E2700900AE9 /* Besom-extended.otf in Resources */,
				2498113024156A1500900AE9 /* Muli-Regular.ttf in Resources */,
				24D9E86823C1C8B600CB6638 /* Assets.xcassets in Resources */,
				247D705823F0086D00480199 /* Arber-Vintage-Extended.otf in Resources */,
				2468E3B524617529004042AD /* TitleLineShader.fsh in Resources */,
				24D9E86623C1C8B500CB6638 /* Main.storyboard in Resources */,
				2468E3A7245EDA58004042AD /* ButtonBorderShader.fsh in Resources */,
				24629E63240D6A87009A465B /* Sanos-Extended.ttf in Resources */,
			);
			runOnlyForDeploymentPostprocessing = 0;
		};
/* End PBXResourcesBuildPhase section */

/* Begin PBXSourcesBuildPhase section */
		24D9E85423C1C8B500CB6638 /* Sources */ = {
			isa = PBXSourcesBuildPhase;
			buildActionMask = 2147483647;
			files = (
				246ACBB923F7270500C947C9 /* NoiseLib.metal in Sources */,
				24DCFD3A2475353100FE2FC1 /* TrailRenderer.swift in Sources */,
				24D7FF5D242150A9007743C6 /* HealthGainLabel.swift in Sources */,
				24D7FF61242511A7007743C6 /* PotionConsumer.swift in Sources */,
				2414AB1F2511E18500B3299C /* PowerUpNode.swift in Sources */,
				24EBD46D245D780000410D1E /* NotificationName+Extensions.swift in Sources */,
				2414AB262511E60600B3299C /* PowerUpSpawner.swift in Sources */,
				24229632253585A2003F7F70 /* PotionType.swift in Sources */,
				24D15E9A2549C9B2004DA636 /* ProgressNode.swift in Sources */,
				24D7FF68242B244A007743C6 /* SKAction+Extensions.swift in Sources */,
				2468E3B7246193F7004042AD /* ReturnHomeConfirmScreen.swift in Sources */,
				24446495252323A000D72EFD /* PowerUpNodeRenderer.swift in Sources */,
				247D705123E6CE0F00480199 /* MainSpawner.swift in Sources */,
				24E7D8B824066093007A66D2 /* StageManager.swift in Sources */,
				2465E77D2437458E0019CE02 /* GlobalHelpers.swift in Sources */,
				247D706123F531A800480199 /* RendererCommon.swift in Sources */,
				24AF76102541A43D00F137EA /* Recorder.swift in Sources */,
				24D9E87523C1D3AE00CB6638 /* BufferFormats.swift in Sources */,
				247D705E23F52D8B00480199 /* Common.metal in Sources */,
				2498112824127D2C00900AE9 /* UIColor+Extensions.swift in Sources */,
				24AF76132541AB3300F137EA /* Recorder.metal in Sources */,
				24D7FF5B241BC2F7007743C6 /* GainLabel.swift in Sources */,
				247D705523E7173500480199 /* EnemyAttack.swift in Sources */,
				2414AB222511E5F400B3299C /* EnemySpawner.swift in Sources */,
				2465E77B24360EF10019CE02 /* PotionRenderer.swift in Sources */,
				2414AB482515C85900B3299C /* MainPotionRenderer.swift in Sources */,
				2468E3A9245FD85F004042AD /* Button.swift in Sources */,
				2468E3BB24651C42004042AD /* StageConfirmScreen.swift in Sources */,
				24E7D8B6240588CF007A66D2 /* Ability.swift in Sources */,
				2465E7772435E2490019CE02 /* InstanceRenderer.swift in Sources */,
				247D704423E1D2CD00480199 /* Player.metal in Sources */,
				247F6AEF25447BAD0021D562 /* ArcTrailRenderer.swift in Sources */,
				2469393123C32C41001A6CAE /* MathLibrary.swift in Sources */,
				24D9E86323C1C8B500CB6638 /* Shaders.metal in Sources */,
				2414AB462515C72400B3299C /* EnemyAttackRenderer.swift in Sources */,
				2469393723C4A544001A6CAE /* Node.swift in Sources */,
				24AEB5122430A8BF00EC37F4 /* Particle.swift in Sources */,
				247F6AF2254567B10021D562 /* ArcTrail.metal in Sources */,
				247D705A23F009DD00480199 /* SKGameScene.swift in Sources */,
				24E65F4F247D1F43004EE053 /* ProgressManager.swift in Sources */,
				24E7D8B424057E36007A66D2 /* CannonAbility.swift in Sources */,
				24D9E85F23C1C8B500CB6638 /* MainRenderer.swift in Sources */,
				2469393523C465B0001A6CAE /* Renderer.swift in Sources */,
				24DCFD382474FC4200FE2FC1 /* TrailManager.swift in Sources */,
				24E7D8B224057DC3007A66D2 /* MachineGunAbility.swift in Sources */,
				2468E3B92462AAA1004042AD /* GameOverScreen.swift in Sources */,
				2444649E25232C1700D72EFD /* MainPowerUpNodeRenderer.swift in Sources */,
				2414AB1B251090A400B3299C /* PlayerManager.swift in Sources */,
				24D7FF55241A700E007743C6 /* CGSize+Extensions.swift in Sources */,
				2414AB422515C1A300B3299C /* EnemyRenderer.swift in Sources */,
				24E7D8AC240545B6007A66D2 /* BasicAttackAbility.swift in Sources */,
				2414AB4A2515CD7500B3299C /* TextureHolder.swift in Sources */,
				24D7FF57241B8191007743C6 /* EnergyGainLabel.swift in Sources */,
				244464A325235CE400D72EFD /* PowerUpType.swift in Sources */,
				24446498252324DF00D72EFD /* PowerUp.metal in Sources */,
				24F070BF2522FF7000D2954D /* MainTextureRenderer.swift in Sources */,
				249811352418271F00900AE9 /* Potion.metal in Sources */,
				2464427C24127BFB004CF697 /* ComboLabel.swift in Sources */,
				247D704823E6B20B00480199 /* GameScene.swift in Sources */,
				2468E3AD24612EF1004042AD /* Coordinator.swift in Sources */,
				24D9E86123C1C8B500CB6638 /* GameViewController.swift in Sources */,
				2414AB1D2511E14F00B3299C /* PowerUp.swift in Sources */,
				24D7FF5F24225970007743C6 /* Colors.swift in Sources */,
				24D15E912549BF90004DA636 /* ShockwaveIndicator.swift in Sources */,
				2468E3A5245E99F2004042AD /* OverlayScene.swift in Sources */,
				2465E7792435F20D0019CE02 /* TextureRenderer.swift in Sources */,
				247D705323E70FAA00480199 /* Enemy.swift in Sources */,
				24629E65240D6CCF009A465B /* CGPoint+Extensions.swift in Sources */,
				24F6BAFC25497486009C6170 /* UtilitySpawnIndicator.swift in Sources */,
				243B30B7247959890015CFD1 /* HomeScreen.swift in Sources */,
				2468E3AB245FDC02004042AD /* Title.swift in Sources */,
				24D15E8E2549BEE1004DA636 /* Indicators.metal in Sources */,
				2414AB442515C66700B3299C /* ParticleRenderer.swift in Sources */,
				24981132241820CA00900AE9 /* Potion.swift in Sources */,
				2414AB15250D091000B3299C /* EnergySymbol.swift in Sources */,
				2414AB242511E5FB00B3299C /* PotionSpawner.swift in Sources */,
				24E65F512483BF50004EE053 /* TutorialScreen.swift in Sources */,
				24E65F4D247CF28A004EE053 /* AttackAbility.swift in Sources */,
				2414AB17250D34B000B3299C /* ParticleTrailHandler.swift in Sources */,
				24D7FF59241B86AB007743C6 /* FavorGainLabel.swift in Sources */,
				2498112C2412880600900AE9 /* SKColor+Extensions.swift in Sources */,
				2468E3B124613D63004042AD /* Screen.swift in Sources */,
				2469393923C5D126001A6CAE /* Player.swift in Sources */,
				24EBD46B245C725000410D1E /* PauseScreen.swift in Sources */,
				24D9E85C23C1C8B500CB6638 /* AppDelegate.swift in Sources */,
				2469393D23C5EB1E001A6CAE /* Scene.swift in Sources */,
			);
			runOnlyForDeploymentPostprocessing = 0;
		};
/* End PBXSourcesBuildPhase section */

/* Begin PBXVariantGroup section */
		24D9E86423C1C8B500CB6638 /* Main.storyboard */ = {
			isa = PBXVariantGroup;
			children = (
				24D9E86523C1C8B500CB6638 /* Base */,
			);
			name = Main.storyboard;
			sourceTree = "<group>";
		};
		24D9E86923C1C8B600CB6638 /* LaunchScreen.storyboard */ = {
			isa = PBXVariantGroup;
			children = (
				24D9E86A23C1C8B600CB6638 /* Base */,
			);
			name = LaunchScreen.storyboard;
			sourceTree = "<group>";
		};
/* End PBXVariantGroup section */

/* Begin XCBuildConfiguration section */
		24D9E86D23C1C8B600CB6638 /* Debug */ = {
			isa = XCBuildConfiguration;
			buildSettings = {
				ALWAYS_SEARCH_USER_PATHS = NO;
				CLANG_ANALYZER_NONNULL = YES;
				CLANG_ANALYZER_NUMBER_OBJECT_CONVERSION = YES_AGGRESSIVE;
				CLANG_CXX_LANGUAGE_STANDARD = "gnu++14";
				CLANG_CXX_LIBRARY = "libc++";
				CLANG_ENABLE_MODULES = YES;
				CLANG_ENABLE_OBJC_ARC = YES;
				CLANG_ENABLE_OBJC_WEAK = YES;
				CLANG_WARN_BLOCK_CAPTURE_AUTORELEASING = YES;
				CLANG_WARN_BOOL_CONVERSION = YES;
				CLANG_WARN_COMMA = YES;
				CLANG_WARN_CONSTANT_CONVERSION = YES;
				CLANG_WARN_DEPRECATED_OBJC_IMPLEMENTATIONS = YES;
				CLANG_WARN_DIRECT_OBJC_ISA_USAGE = YES_ERROR;
				CLANG_WARN_DOCUMENTATION_COMMENTS = YES;
				CLANG_WARN_EMPTY_BODY = YES;
				CLANG_WARN_ENUM_CONVERSION = YES;
				CLANG_WARN_INFINITE_RECURSION = YES;
				CLANG_WARN_INT_CONVERSION = YES;
				CLANG_WARN_NON_LITERAL_NULL_CONVERSION = YES;
				CLANG_WARN_OBJC_IMPLICIT_RETAIN_SELF = YES;
				CLANG_WARN_OBJC_LITERAL_CONVERSION = YES;
				CLANG_WARN_OBJC_ROOT_CLASS = YES_ERROR;
				CLANG_WARN_QUOTED_INCLUDE_IN_FRAMEWORK_HEADER = YES;
				CLANG_WARN_RANGE_LOOP_ANALYSIS = YES;
				CLANG_WARN_STRICT_PROTOTYPES = YES;
				CLANG_WARN_SUSPICIOUS_MOVE = YES;
				CLANG_WARN_UNGUARDED_AVAILABILITY = YES_AGGRESSIVE;
				CLANG_WARN_UNREACHABLE_CODE = YES;
				CLANG_WARN__DUPLICATE_METHOD_MATCH = YES;
				COPY_PHASE_STRIP = NO;
				DEBUG_INFORMATION_FORMAT = dwarf;
				ENABLE_STRICT_OBJC_MSGSEND = YES;
				ENABLE_TESTABILITY = YES;
				GCC_C_LANGUAGE_STANDARD = gnu11;
				GCC_DYNAMIC_NO_PIC = NO;
				GCC_NO_COMMON_BLOCKS = YES;
				GCC_OPTIMIZATION_LEVEL = 0;
				GCC_PREPROCESSOR_DEFINITIONS = (
					"DEBUG=1",
					"$(inherited)",
				);
				GCC_WARN_64_TO_32_BIT_CONVERSION = YES;
				GCC_WARN_ABOUT_RETURN_TYPE = YES_ERROR;
				GCC_WARN_UNDECLARED_SELECTOR = YES;
				GCC_WARN_UNINITIALIZED_AUTOS = YES_AGGRESSIVE;
				GCC_WARN_UNUSED_FUNCTION = YES;
				GCC_WARN_UNUSED_VARIABLE = YES;
				IPHONEOS_DEPLOYMENT_TARGET = 13.2;
				MTL_ENABLE_DEBUG_INFO = INCLUDE_SOURCE;
				MTL_FAST_MATH = YES;
				ONLY_ACTIVE_ARCH = YES;
				SDKROOT = iphoneos;
				SWIFT_ACTIVE_COMPILATION_CONDITIONS = DEBUG;
				SWIFT_OPTIMIZATION_LEVEL = "-Onone";
			};
			name = Debug;
		};
		24D9E86E23C1C8B600CB6638 /* Release */ = {
			isa = XCBuildConfiguration;
			buildSettings = {
				ALWAYS_SEARCH_USER_PATHS = NO;
				CLANG_ANALYZER_NONNULL = YES;
				CLANG_ANALYZER_NUMBER_OBJECT_CONVERSION = YES_AGGRESSIVE;
				CLANG_CXX_LANGUAGE_STANDARD = "gnu++14";
				CLANG_CXX_LIBRARY = "libc++";
				CLANG_ENABLE_MODULES = YES;
				CLANG_ENABLE_OBJC_ARC = YES;
				CLANG_ENABLE_OBJC_WEAK = YES;
				CLANG_WARN_BLOCK_CAPTURE_AUTORELEASING = YES;
				CLANG_WARN_BOOL_CONVERSION = YES;
				CLANG_WARN_COMMA = YES;
				CLANG_WARN_CONSTANT_CONVERSION = YES;
				CLANG_WARN_DEPRECATED_OBJC_IMPLEMENTATIONS = YES;
				CLANG_WARN_DIRECT_OBJC_ISA_USAGE = YES_ERROR;
				CLANG_WARN_DOCUMENTATION_COMMENTS = YES;
				CLANG_WARN_EMPTY_BODY = YES;
				CLANG_WARN_ENUM_CONVERSION = YES;
				CLANG_WARN_INFINITE_RECURSION = YES;
				CLANG_WARN_INT_CONVERSION = YES;
				CLANG_WARN_NON_LITERAL_NULL_CONVERSION = YES;
				CLANG_WARN_OBJC_IMPLICIT_RETAIN_SELF = YES;
				CLANG_WARN_OBJC_LITERAL_CONVERSION = YES;
				CLANG_WARN_OBJC_ROOT_CLASS = YES_ERROR;
				CLANG_WARN_QUOTED_INCLUDE_IN_FRAMEWORK_HEADER = YES;
				CLANG_WARN_RANGE_LOOP_ANALYSIS = YES;
				CLANG_WARN_STRICT_PROTOTYPES = YES;
				CLANG_WARN_SUSPICIOUS_MOVE = YES;
				CLANG_WARN_UNGUARDED_AVAILABILITY = YES_AGGRESSIVE;
				CLANG_WARN_UNREACHABLE_CODE = YES;
				CLANG_WARN__DUPLICATE_METHOD_MATCH = YES;
				COPY_PHASE_STRIP = NO;
				DEBUG_INFORMATION_FORMAT = "dwarf-with-dsym";
				ENABLE_NS_ASSERTIONS = NO;
				ENABLE_STRICT_OBJC_MSGSEND = YES;
				GCC_C_LANGUAGE_STANDARD = gnu11;
				GCC_NO_COMMON_BLOCKS = YES;
				GCC_WARN_64_TO_32_BIT_CONVERSION = YES;
				GCC_WARN_ABOUT_RETURN_TYPE = YES_ERROR;
				GCC_WARN_UNDECLARED_SELECTOR = YES;
				GCC_WARN_UNINITIALIZED_AUTOS = YES_AGGRESSIVE;
				GCC_WARN_UNUSED_FUNCTION = YES;
				GCC_WARN_UNUSED_VARIABLE = YES;
				IPHONEOS_DEPLOYMENT_TARGET = 13.2;
				MTL_ENABLE_DEBUG_INFO = NO;
				MTL_FAST_MATH = YES;
				SDKROOT = iphoneos;
				SWIFT_COMPILATION_MODE = wholemodule;
				SWIFT_OPTIMIZATION_LEVEL = "-O";
				VALIDATE_PRODUCT = YES;
			};
			name = Release;
		};
		24D9E87023C1C8B600CB6638 /* Debug */ = {
			isa = XCBuildConfiguration;
			buildSettings = {
				ASSETCATALOG_COMPILER_APPICON_NAME = AppIcon;
				CODE_SIGN_ENTITLEMENTS = ZoeSlasher/ZoeSlasher.entitlements;
				CODE_SIGN_STYLE = Automatic;
				DEVELOPMENT_TEAM = XZT6P8DQ87;
				INFOPLIST_FILE = ZoeSlasher/Info.plist;
				LD_RUNPATH_SEARCH_PATHS = (
					"$(inherited)",
					"@executable_path/Frameworks",
				);
				PRODUCT_BUNDLE_IDENTIFIER = com.nikolabozhkov.ZoeSlasher;
				PRODUCT_NAME = "$(TARGET_NAME)";
				SWIFT_OBJC_BRIDGING_HEADER = "$(TARGET_NAME)/Renderers/Main/ShaderTypes.h";
				SWIFT_VERSION = 5.0;
				TARGETED_DEVICE_FAMILY = "1,2";
			};
			name = Debug;
		};
		24D9E87123C1C8B600CB6638 /* Release */ = {
			isa = XCBuildConfiguration;
			buildSettings = {
				ASSETCATALOG_COMPILER_APPICON_NAME = AppIcon;
				CODE_SIGN_ENTITLEMENTS = ZoeSlasher/ZoeSlasher.entitlements;
				CODE_SIGN_STYLE = Automatic;
				DEVELOPMENT_TEAM = XZT6P8DQ87;
				INFOPLIST_FILE = ZoeSlasher/Info.plist;
				LD_RUNPATH_SEARCH_PATHS = (
					"$(inherited)",
					"@executable_path/Frameworks",
				);
				PRODUCT_BUNDLE_IDENTIFIER = com.nikolabozhkov.ZoeSlasher;
				PRODUCT_NAME = "$(TARGET_NAME)";
				SWIFT_OBJC_BRIDGING_HEADER = "$(TARGET_NAME)/Renderers/Main/ShaderTypes.h";
				SWIFT_VERSION = 5.0;
				TARGETED_DEVICE_FAMILY = "1,2";
			};
			name = Release;
		};
/* End XCBuildConfiguration section */

/* Begin XCConfigurationList section */
		24D9E85323C1C8B500CB6638 /* Build configuration list for PBXProject "ZoeSlasher" */ = {
			isa = XCConfigurationList;
			buildConfigurations = (
				24D9E86D23C1C8B600CB6638 /* Debug */,
				24D9E86E23C1C8B600CB6638 /* Release */,
			);
			defaultConfigurationIsVisible = 0;
			defaultConfigurationName = Release;
		};
		24D9E86F23C1C8B600CB6638 /* Build configuration list for PBXNativeTarget "ZoeSlasher" */ = {
			isa = XCConfigurationList;
			buildConfigurations = (
				24D9E87023C1C8B600CB6638 /* Debug */,
				24D9E87123C1C8B600CB6638 /* Release */,
			);
			defaultConfigurationIsVisible = 0;
			defaultConfigurationName = Release;
		};
/* End XCConfigurationList section */
	};
	rootObject = 24D9E85023C1C8B500CB6638 /* Project object */;
}
